// !$*UTF8*$!
{
	archiveVersion = 1;
	classes = {
	};
	objectVersion = 51;
	objects = {

/* Begin PBXBuildFile section */
		524E5D1524E818C7001FC71B /* RegistrationState.swift in Sources */ = {isa = PBXBuildFile; fileRef = 524E5D1424E818C7001FC71B /* RegistrationState.swift */; };
		524E5D1824E821DB001FC71B /* Coordinator.swift in Sources */ = {isa = PBXBuildFile; fileRef = 524E5D1724E821DB001FC71B /* Coordinator.swift */; };
		524E5D1A24E826E2001FC71B /* Reducer.swift in Sources */ = {isa = PBXBuildFile; fileRef = 524E5D1924E826E2001FC71B /* Reducer.swift */; };
		525C4AA824E4BC4500659EC6 /* AppDelegate.swift in Sources */ = {isa = PBXBuildFile; fileRef = 525C4AA724E4BC4500659EC6 /* AppDelegate.swift */; };
		525C4AAA24E4BC4500659EC6 /* SceneDelegate.swift in Sources */ = {isa = PBXBuildFile; fileRef = 525C4AA924E4BC4500659EC6 /* SceneDelegate.swift */; };
		525C4AAC24E4BC4500659EC6 /* LoginViewController.swift in Sources */ = {isa = PBXBuildFile; fileRef = 525C4AAB24E4BC4500659EC6 /* LoginViewController.swift */; };
		525C4AAF24E4BC4500659EC6 /* LoginViewController.storyboard in Resources */ = {isa = PBXBuildFile; fileRef = 525C4AAD24E4BC4500659EC6 /* LoginViewController.storyboard */; };
		525C4AB224E4BC4500659EC6 /* Scheduler.xcdatamodeld in Sources */ = {isa = PBXBuildFile; fileRef = 525C4AB024E4BC4500659EC6 /* Scheduler.xcdatamodeld */; };
		525C4AB424E4BC4800659EC6 /* Assets.xcassets in Resources */ = {isa = PBXBuildFile; fileRef = 525C4AB324E4BC4800659EC6 /* Assets.xcassets */; };
		525C4AB724E4BC4800659EC6 /* LaunchScreen.storyboard in Resources */ = {isa = PBXBuildFile; fileRef = 525C4AB524E4BC4800659EC6 /* LaunchScreen.storyboard */; };
		525C4ABF24E4EEA600659EC6 /* SceneCoordinator.swift in Sources */ = {isa = PBXBuildFile; fileRef = 525C4ABE24E4EEA600659EC6 /* SceneCoordinator.swift */; };
		525C4AC524E632C600659EC6 /* SceneRoute.swift in Sources */ = {isa = PBXBuildFile; fileRef = 525C4AC424E632C600659EC6 /* SceneRoute.swift */; };
		525C4AC724E633F800659EC6 /* LoginCoordinator.swift in Sources */ = {isa = PBXBuildFile; fileRef = 525C4AC624E633F800659EC6 /* LoginCoordinator.swift */; };
		5284C51D24E663160032FFB4 /* ViewCoordinator.swift in Sources */ = {isa = PBXBuildFile; fileRef = 5284C51C24E663160032FFB4 /* ViewCoordinator.swift */; };
		5284C51F24E666C00032FFB4 /* LoginActions.swift in Sources */ = {isa = PBXBuildFile; fileRef = 5284C51E24E666C00032FFB4 /* LoginActions.swift */; };
		5284C52124E666D20032FFB4 /* LoginReducer.swift in Sources */ = {isa = PBXBuildFile; fileRef = 5284C52024E666D20032FFB4 /* LoginReducer.swift */; };
		5284C52324E667580032FFB4 /* LoginState.swift in Sources */ = {isa = PBXBuildFile; fileRef = 5284C52224E667580032FFB4 /* LoginState.swift */; };
		5284C52524E671FF0032FFB4 /* SceneStore.swift in Sources */ = {isa = PBXBuildFile; fileRef = 5284C52424E671FF0032FFB4 /* SceneStore.swift */; };
		5284C52724E673CE0032FFB4 /* SceneState.swift in Sources */ = {isa = PBXBuildFile; fileRef = 5284C52624E673CE0032FFB4 /* SceneState.swift */; };
		5284C52924E678610032FFB4 /* SceneReducer.swift in Sources */ = {isa = PBXBuildFile; fileRef = 5284C52824E678610032FFB4 /* SceneReducer.swift */; };
		5284C52D24E67DA80032FFB4 /* ViewController.swift in Sources */ = {isa = PBXBuildFile; fileRef = 5284C52C24E67DA80032FFB4 /* ViewController.swift */; };
		5284C52F24E67E790032FFB4 /* SceneAction.swift in Sources */ = {isa = PBXBuildFile; fileRef = 5284C52E24E67E790032FFB4 /* SceneAction.swift */; };
		52ACACC824E7905700147137 /* SceneWindow.swift in Sources */ = {isa = PBXBuildFile; fileRef = 52ACACC724E7905700147137 /* SceneWindow.swift */; };
		52F7FBB624E7BC09008F7FDB /* SceneResponder.swift in Sources */ = {isa = PBXBuildFile; fileRef = 52F7FBB524E7BC09008F7FDB /* SceneResponder.swift */; };
		A20DE51C7A32A74815A780DB /* Pods_Scheduler.framework in Frameworks */ = {isa = PBXBuildFile; fileRef = 70526C0E2D27263308DCBFF2 /* Pods_Scheduler.framework */; };
/* End PBXBuildFile section */

/* Begin PBXFileReference section */
		524E5D1424E818C7001FC71B /* RegistrationState.swift */ = {isa = PBXFileReference; lastKnownFileType = sourcecode.swift; path = RegistrationState.swift; sourceTree = "<group>"; };
		524E5D1724E821DB001FC71B /* Coordinator.swift */ = {isa = PBXFileReference; lastKnownFileType = sourcecode.swift; path = Coordinator.swift; sourceTree = "<group>"; };
		524E5D1924E826E2001FC71B /* Reducer.swift */ = {isa = PBXFileReference; lastKnownFileType = sourcecode.swift; path = Reducer.swift; sourceTree = "<group>"; };
		525C4AA424E4BC4500659EC6 /* Scheduler.app */ = {isa = PBXFileReference; explicitFileType = wrapper.application; includeInIndex = 0; path = Scheduler.app; sourceTree = BUILT_PRODUCTS_DIR; };
		525C4AA724E4BC4500659EC6 /* AppDelegate.swift */ = {isa = PBXFileReference; lastKnownFileType = sourcecode.swift; path = AppDelegate.swift; sourceTree = "<group>"; };
		525C4AA924E4BC4500659EC6 /* SceneDelegate.swift */ = {isa = PBXFileReference; lastKnownFileType = sourcecode.swift; path = SceneDelegate.swift; sourceTree = "<group>"; };
		525C4AAB24E4BC4500659EC6 /* LoginViewController.swift */ = {isa = PBXFileReference; lastKnownFileType = sourcecode.swift; path = LoginViewController.swift; sourceTree = "<group>"; };
		525C4AAE24E4BC4500659EC6 /* Base */ = {isa = PBXFileReference; lastKnownFileType = file.storyboard; name = Base; path = Base.lproj/LoginViewController.storyboard; sourceTree = "<group>"; };
		525C4AB124E4BC4500659EC6 /* Scheduler.xcdatamodel */ = {isa = PBXFileReference; lastKnownFileType = wrapper.xcdatamodel; path = Scheduler.xcdatamodel; sourceTree = "<group>"; };
		525C4AB324E4BC4800659EC6 /* Assets.xcassets */ = {isa = PBXFileReference; lastKnownFileType = folder.assetcatalog; path = Assets.xcassets; sourceTree = "<group>"; };
		525C4AB624E4BC4800659EC6 /* Base */ = {isa = PBXFileReference; lastKnownFileType = file.storyboard; name = Base; path = Base.lproj/LaunchScreen.storyboard; sourceTree = "<group>"; };
		525C4AB824E4BC4800659EC6 /* Info.plist */ = {isa = PBXFileReference; lastKnownFileType = text.plist.xml; path = Info.plist; sourceTree = "<group>"; };
		525C4ABE24E4EEA600659EC6 /* SceneCoordinator.swift */ = {isa = PBXFileReference; lastKnownFileType = sourcecode.swift; path = SceneCoordinator.swift; sourceTree = "<group>"; };
		525C4AC424E632C600659EC6 /* SceneRoute.swift */ = {isa = PBXFileReference; lastKnownFileType = sourcecode.swift; path = SceneRoute.swift; sourceTree = "<group>"; };
		525C4AC624E633F800659EC6 /* LoginCoordinator.swift */ = {isa = PBXFileReference; lastKnownFileType = sourcecode.swift; path = LoginCoordinator.swift; sourceTree = "<group>"; };
		5284C51C24E663160032FFB4 /* ViewCoordinator.swift */ = {isa = PBXFileReference; lastKnownFileType = sourcecode.swift; path = ViewCoordinator.swift; sourceTree = "<group>"; };
		5284C51E24E666C00032FFB4 /* LoginActions.swift */ = {isa = PBXFileReference; lastKnownFileType = sourcecode.swift; path = LoginActions.swift; sourceTree = "<group>"; };
		5284C52024E666D20032FFB4 /* LoginReducer.swift */ = {isa = PBXFileReference; lastKnownFileType = sourcecode.swift; path = LoginReducer.swift; sourceTree = "<group>"; };
		5284C52224E667580032FFB4 /* LoginState.swift */ = {isa = PBXFileReference; lastKnownFileType = sourcecode.swift; path = LoginState.swift; sourceTree = "<group>"; };
		5284C52424E671FF0032FFB4 /* SceneStore.swift */ = {isa = PBXFileReference; lastKnownFileType = sourcecode.swift; path = SceneStore.swift; sourceTree = "<group>"; };
		5284C52624E673CE0032FFB4 /* SceneState.swift */ = {isa = PBXFileReference; lastKnownFileType = sourcecode.swift; path = SceneState.swift; sourceTree = "<group>"; };
		5284C52824E678610032FFB4 /* SceneReducer.swift */ = {isa = PBXFileReference; lastKnownFileType = sourcecode.swift; path = SceneReducer.swift; sourceTree = "<group>"; };
		5284C52C24E67DA80032FFB4 /* ViewController.swift */ = {isa = PBXFileReference; lastKnownFileType = sourcecode.swift; path = ViewController.swift; sourceTree = "<group>"; };
		5284C52E24E67E790032FFB4 /* SceneAction.swift */ = {isa = PBXFileReference; lastKnownFileType = sourcecode.swift; path = SceneAction.swift; sourceTree = "<group>"; };
		52ACACC724E7905700147137 /* SceneWindow.swift */ = {isa = PBXFileReference; lastKnownFileType = sourcecode.swift; path = SceneWindow.swift; sourceTree = "<group>"; };
		52F7FBB524E7BC09008F7FDB /* SceneResponder.swift */ = {isa = PBXFileReference; lastKnownFileType = sourcecode.swift; path = SceneResponder.swift; sourceTree = "<group>"; };
		6EE5C9A298FFDF2AA059A61C /* Pods-Scheduler.debug.xcconfig */ = {isa = PBXFileReference; includeInIndex = 1; lastKnownFileType = text.xcconfig; name = "Pods-Scheduler.debug.xcconfig"; path = "Target Support Files/Pods-Scheduler/Pods-Scheduler.debug.xcconfig"; sourceTree = "<group>"; };
		70526C0E2D27263308DCBFF2 /* Pods_Scheduler.framework */ = {isa = PBXFileReference; explicitFileType = wrapper.framework; includeInIndex = 0; path = Pods_Scheduler.framework; sourceTree = BUILT_PRODUCTS_DIR; };
		89613AE0124B96B465532C28 /* Pods-Scheduler.release.xcconfig */ = {isa = PBXFileReference; includeInIndex = 1; lastKnownFileType = text.xcconfig; name = "Pods-Scheduler.release.xcconfig"; path = "Target Support Files/Pods-Scheduler/Pods-Scheduler.release.xcconfig"; sourceTree = "<group>"; };
/* End PBXFileReference section */

/* Begin PBXFrameworksBuildPhase section */
		525C4AA124E4BC4500659EC6 /* Frameworks */ = {
			isa = PBXFrameworksBuildPhase;
			buildActionMask = 2147483647;
			files = (
				A20DE51C7A32A74815A780DB /* Pods_Scheduler.framework in Frameworks */,
			);
			runOnlyForDeploymentPostprocessing = 0;
		};
/* End PBXFrameworksBuildPhase section */

/* Begin PBXGroup section */
		3B98DBFB7644D605C5EE8AFD /* Frameworks */ = {
			isa = PBXGroup;
			children = (
				70526C0E2D27263308DCBFF2 /* Pods_Scheduler.framework */,
			);
			name = Frameworks;
			sourceTree = "<group>";
		};
		524E5D1624E819EB001FC71B /* Common */ = {
			isa = PBXGroup;
			children = (
				524E5D1924E826E2001FC71B /* Reducer.swift */,
				524E5D1724E821DB001FC71B /* Coordinator.swift */,
			);
			path = Common;
			sourceTree = "<group>";
		};
		525C4A9B24E4BC4500659EC6 = {
			isa = PBXGroup;
			children = (
				525C4AA624E4BC4500659EC6 /* Scheduler */,
				525C4AA524E4BC4500659EC6 /* Products */,
				AA8D1B426BF1F13E467D8C66 /* Pods */,
				3B98DBFB7644D605C5EE8AFD /* Frameworks */,
			);
			sourceTree = "<group>";
		};
		525C4AA524E4BC4500659EC6 /* Products */ = {
			isa = PBXGroup;
			children = (
				525C4AA424E4BC4500659EC6 /* Scheduler.app */,
			);
			name = Products;
			sourceTree = "<group>";
		};
		525C4AA624E4BC4500659EC6 /* Scheduler */ = {
			isa = PBXGroup;
			children = (
				52ACACC624E78E3E00147137 /* Core */,
				525C4AC124E4EEF700659EC6 /* Views */,
				525C4AC324E5778500659EC6 /* Resources */,
			);
			path = Scheduler;
			sourceTree = "<group>";
		};
		525C4AC024E4EEEB00659EC6 /* Registration */ = {
			isa = PBXGroup;
			children = (
				524E5D1424E818C7001FC71B /* RegistrationState.swift */,
			);
			path = Registration;
			sourceTree = "<group>";
		};
		525C4AC124E4EEF700659EC6 /* Views */ = {
			isa = PBXGroup;
			children = (
				525C4AC224E573E500659EC6 /* Login */,
				525C4AC024E4EEEB00659EC6 /* Registration */,
			);
			path = Views;
			sourceTree = "<group>";
		};
		525C4AC224E573E500659EC6 /* Login */ = {
			isa = PBXGroup;
			children = (
				5284C52224E667580032FFB4 /* LoginState.swift */,
				5284C51E24E666C00032FFB4 /* LoginActions.swift */,
				5284C52024E666D20032FFB4 /* LoginReducer.swift */,
				525C4AC624E633F800659EC6 /* LoginCoordinator.swift */,
				525C4AAB24E4BC4500659EC6 /* LoginViewController.swift */,
				525C4AAD24E4BC4500659EC6 /* LoginViewController.storyboard */,
			);
			path = Login;
			sourceTree = "<group>";
		};
		525C4AC324E5778500659EC6 /* Resources */ = {
			isa = PBXGroup;
			children = (
				525C4AB824E4BC4800659EC6 /* Info.plist */,
				525C4AB324E4BC4800659EC6 /* Assets.xcassets */,
				525C4AB024E4BC4500659EC6 /* Scheduler.xcdatamodeld */,
				525C4AB524E4BC4800659EC6 /* LaunchScreen.storyboard */,
			);
			path = Resources;
			sourceTree = "<group>";
		};
		5284C52A24E67B860032FFB4 /* View */ = {
			isa = PBXGroup;
			children = (
				5284C51C24E663160032FFB4 /* ViewCoordinator.swift */,
				5284C52C24E67DA80032FFB4 /* ViewController.swift */,
			);
			path = View;
			sourceTree = "<group>";
		};
		5284C52B24E67C4C0032FFB4 /* Scene */ = {
			isa = PBXGroup;
			children = (
				5284C52E24E67E790032FFB4 /* SceneAction.swift */,
				525C4ABE24E4EEA600659EC6 /* SceneCoordinator.swift */,
				5284C52824E678610032FFB4 /* SceneReducer.swift */,
				52F7FBB524E7BC09008F7FDB /* SceneResponder.swift */,
				525C4AC424E632C600659EC6 /* SceneRoute.swift */,
				5284C52624E673CE0032FFB4 /* SceneState.swift */,
				5284C52424E671FF0032FFB4 /* SceneStore.swift */,
				52ACACC724E7905700147137 /* SceneWindow.swift */,
			);
			path = Scene;
			sourceTree = "<group>";
		};
		52ACACC624E78E3E00147137 /* Core */ = {
			isa = PBXGroup;
			children = (
				525C4AA724E4BC4500659EC6 /* AppDelegate.swift */,
				525C4AA924E4BC4500659EC6 /* SceneDelegate.swift */,
				5284C52B24E67C4C0032FFB4 /* Scene */,
				5284C52A24E67B860032FFB4 /* View */,
				524E5D1624E819EB001FC71B /* Common */,
			);
			path = Core;
			sourceTree = "<group>";
		};
		AA8D1B426BF1F13E467D8C66 /* Pods */ = {
			isa = PBXGroup;
			children = (
				6EE5C9A298FFDF2AA059A61C /* Pods-Scheduler.debug.xcconfig */,
				89613AE0124B96B465532C28 /* Pods-Scheduler.release.xcconfig */,
			);
			path = Pods;
			sourceTree = "<group>";
		};
/* End PBXGroup section */

/* Begin PBXNativeTarget section */
		525C4AA324E4BC4500659EC6 /* Scheduler */ = {
			isa = PBXNativeTarget;
			buildConfigurationList = 525C4ABB24E4BC4800659EC6 /* Build configuration list for PBXNativeTarget "Scheduler" */;
			buildPhases = (
				DA708E3151027D6F48D13B3D /* [CP] Check Pods Manifest.lock */,
				525C4AA024E4BC4500659EC6 /* Sources */,
				525C4AA124E4BC4500659EC6 /* Frameworks */,
				525C4AA224E4BC4500659EC6 /* Resources */,
				F7F4211FDFBA81841F3622F3 /* [CP] Embed Pods Frameworks */,
			);
			buildRules = (
			);
			dependencies = (
			);
			name = Scheduler;
			productName = Scheduler;
			productReference = 525C4AA424E4BC4500659EC6 /* Scheduler.app */;
			productType = "com.apple.product-type.application";
		};
/* End PBXNativeTarget section */

/* Begin PBXProject section */
		525C4A9C24E4BC4500659EC6 /* Project object */ = {
			isa = PBXProject;
			attributes = {
				LastSwiftUpdateCheck = 1160;
				LastUpgradeCheck = 1160;
				ORGANIZATIONNAME = mynt;
				TargetAttributes = {
					525C4AA324E4BC4500659EC6 = {
						CreatedOnToolsVersion = 11.6;
					};
				};
			};
			buildConfigurationList = 525C4A9F24E4BC4500659EC6 /* Build configuration list for PBXProject "Scheduler" */;
			compatibilityVersion = "Xcode 9.3";
			developmentRegion = en;
			hasScannedForEncodings = 0;
			knownRegions = (
				en,
				Base,
			);
			mainGroup = 525C4A9B24E4BC4500659EC6;
			productRefGroup = 525C4AA524E4BC4500659EC6 /* Products */;
			projectDirPath = "";
			projectRoot = "";
			targets = (
				525C4AA324E4BC4500659EC6 /* Scheduler */,
			);
		};
/* End PBXProject section */

/* Begin PBXResourcesBuildPhase section */
		525C4AA224E4BC4500659EC6 /* Resources */ = {
			isa = PBXResourcesBuildPhase;
			buildActionMask = 2147483647;
			files = (
				525C4AB724E4BC4800659EC6 /* LaunchScreen.storyboard in Resources */,
				525C4AB424E4BC4800659EC6 /* Assets.xcassets in Resources */,
				525C4AAF24E4BC4500659EC6 /* LoginViewController.storyboard in Resources */,
			);
			runOnlyForDeploymentPostprocessing = 0;
		};
/* End PBXResourcesBuildPhase section */

/* Begin PBXShellScriptBuildPhase section */
		DA708E3151027D6F48D13B3D /* [CP] Check Pods Manifest.lock */ = {
			isa = PBXShellScriptBuildPhase;
			buildActionMask = 2147483647;
			files = (
			);
			inputFileListPaths = (
			);
			inputPaths = (
				"${PODS_PODFILE_DIR_PATH}/Podfile.lock",
				"${PODS_ROOT}/Manifest.lock",
			);
			name = "[CP] Check Pods Manifest.lock";
			outputFileListPaths = (
			);
			outputPaths = (
				"$(DERIVED_FILE_DIR)/Pods-Scheduler-checkManifestLockResult.txt",
			);
			runOnlyForDeploymentPostprocessing = 0;
			shellPath = /bin/sh;
			shellScript = "diff \"${PODS_PODFILE_DIR_PATH}/Podfile.lock\" \"${PODS_ROOT}/Manifest.lock\" > /dev/null\nif [ $? != 0 ] ; then\n    # print error to STDERR\n    echo \"error: The sandbox is not in sync with the Podfile.lock. Run 'pod install' or update your CocoaPods installation.\" >&2\n    exit 1\nfi\n# This output is used by Xcode 'outputs' to avoid re-running this script phase.\necho \"SUCCESS\" > \"${SCRIPT_OUTPUT_FILE_0}\"\n";
			showEnvVarsInLog = 0;
		};
		F7F4211FDFBA81841F3622F3 /* [CP] Embed Pods Frameworks */ = {
			isa = PBXShellScriptBuildPhase;
			buildActionMask = 2147483647;
			files = (
			);
			inputFileListPaths = (
				"${PODS_ROOT}/Target Support Files/Pods-Scheduler/Pods-Scheduler-frameworks-${CONFIGURATION}-input-files.xcfilelist",
			);
			name = "[CP] Embed Pods Frameworks";
			outputFileListPaths = (
				"${PODS_ROOT}/Target Support Files/Pods-Scheduler/Pods-Scheduler-frameworks-${CONFIGURATION}-output-files.xcfilelist",
			);
			runOnlyForDeploymentPostprocessing = 0;
			shellPath = /bin/sh;
			shellScript = "\"${PODS_ROOT}/Target Support Files/Pods-Scheduler/Pods-Scheduler-frameworks.sh\"\n";
			showEnvVarsInLog = 0;
		};
/* End PBXShellScriptBuildPhase section */

/* Begin PBXSourcesBuildPhase section */
		525C4AA024E4BC4500659EC6 /* Sources */ = {
			isa = PBXSourcesBuildPhase;
			buildActionMask = 2147483647;
			files = (
				525C4AAC24E4BC4500659EC6 /* LoginViewController.swift in Sources */,
				525C4AC524E632C600659EC6 /* SceneRoute.swift in Sources */,
				525C4AC724E633F800659EC6 /* LoginCoordinator.swift in Sources */,
				5284C52924E678610032FFB4 /* SceneReducer.swift in Sources */,
				5284C52324E667580032FFB4 /* LoginState.swift in Sources */,
				525C4AB224E4BC4500659EC6 /* Scheduler.xcdatamodeld in Sources */,
				524E5D1524E818C7001FC71B /* RegistrationState.swift in Sources */,
				5284C52124E666D20032FFB4 /* LoginReducer.swift in Sources */,
				525C4AA824E4BC4500659EC6 /* AppDelegate.swift in Sources */,
				5284C52F24E67E790032FFB4 /* SceneAction.swift in Sources */,
				525C4ABF24E4EEA600659EC6 /* SceneCoordinator.swift in Sources */,
				524E5D1A24E826E2001FC71B /* Reducer.swift in Sources */,
				5284C51F24E666C00032FFB4 /* LoginActions.swift in Sources */,
				524E5D1824E821DB001FC71B /* Coordinator.swift in Sources */,
				5284C51D24E663160032FFB4 /* ViewCoordinator.swift in Sources */,
				5284C52D24E67DA80032FFB4 /* ViewController.swift in Sources */,
				5284C52524E671FF0032FFB4 /* SceneStore.swift in Sources */,
				5284C52724E673CE0032FFB4 /* SceneState.swift in Sources */,
				52ACACC824E7905700147137 /* SceneWindow.swift in Sources */,
				525C4AAA24E4BC4500659EC6 /* SceneDelegate.swift in Sources */,
				52F7FBB624E7BC09008F7FDB /* SceneResponder.swift in Sources */,
			);
			runOnlyForDeploymentPostprocessing = 0;
		};
/* End PBXSourcesBuildPhase section */

/* Begin PBXVariantGroup section */
		525C4AAD24E4BC4500659EC6 /* LoginViewController.storyboard */ = {
			isa = PBXVariantGroup;
			children = (
				525C4AAE24E4BC4500659EC6 /* Base */,
			);
			name = LoginViewController.storyboard;
			sourceTree = "<group>";
		};
		525C4AB524E4BC4800659EC6 /* LaunchScreen.storyboard */ = {
			isa = PBXVariantGroup;
			children = (
				525C4AB624E4BC4800659EC6 /* Base */,
			);
			name = LaunchScreen.storyboard;
			sourceTree = "<group>";
		};
/* End PBXVariantGroup section */

/* Begin XCBuildConfiguration section */
		525C4AB924E4BC4800659EC6 /* Debug */ = {
			isa = XCBuildConfiguration;
			buildSettings = {
				ALWAYS_SEARCH_USER_PATHS = NO;
				CLANG_ANALYZER_NONNULL = YES;
				CLANG_ANALYZER_NUMBER_OBJECT_CONVERSION = YES_AGGRESSIVE;
				CLANG_CXX_LANGUAGE_STANDARD = "gnu++14";
				CLANG_CXX_LIBRARY = "libc++";
				CLANG_ENABLE_MODULES = YES;
				CLANG_ENABLE_OBJC_ARC = YES;
				CLANG_ENABLE_OBJC_WEAK = YES;
				CLANG_WARN_BLOCK_CAPTURE_AUTORELEASING = YES;
				CLANG_WARN_BOOL_CONVERSION = YES;
				CLANG_WARN_COMMA = YES;
				CLANG_WARN_CONSTANT_CONVERSION = YES;
				CLANG_WARN_DEPRECATED_OBJC_IMPLEMENTATIONS = YES;
				CLANG_WARN_DIRECT_OBJC_ISA_USAGE = YES_ERROR;
				CLANG_WARN_DOCUMENTATION_COMMENTS = YES;
				CLANG_WARN_EMPTY_BODY = YES;
				CLANG_WARN_ENUM_CONVERSION = YES;
				CLANG_WARN_INFINITE_RECURSION = YES;
				CLANG_WARN_INT_CONVERSION = YES;
				CLANG_WARN_NON_LITERAL_NULL_CONVERSION = YES;
				CLANG_WARN_OBJC_IMPLICIT_RETAIN_SELF = YES;
				CLANG_WARN_OBJC_LITERAL_CONVERSION = YES;
				CLANG_WARN_OBJC_ROOT_CLASS = YES_ERROR;
				CLANG_WARN_RANGE_LOOP_ANALYSIS = YES;
				CLANG_WARN_STRICT_PROTOTYPES = YES;
				CLANG_WARN_SUSPICIOUS_MOVE = YES;
				CLANG_WARN_UNGUARDED_AVAILABILITY = YES_AGGRESSIVE;
				CLANG_WARN_UNREACHABLE_CODE = YES;
				CLANG_WARN__DUPLICATE_METHOD_MATCH = YES;
				COPY_PHASE_STRIP = NO;
				DEBUG_INFORMATION_FORMAT = dwarf;
				ENABLE_STRICT_OBJC_MSGSEND = YES;
				ENABLE_TESTABILITY = YES;
				GCC_C_LANGUAGE_STANDARD = gnu11;
				GCC_DYNAMIC_NO_PIC = NO;
				GCC_NO_COMMON_BLOCKS = YES;
				GCC_OPTIMIZATION_LEVEL = 0;
				GCC_PREPROCESSOR_DEFINITIONS = (
					"DEBUG=1",
					"$(inherited)",
				);
				GCC_WARN_64_TO_32_BIT_CONVERSION = YES;
				GCC_WARN_ABOUT_RETURN_TYPE = YES_ERROR;
				GCC_WARN_UNDECLARED_SELECTOR = YES;
				GCC_WARN_UNINITIALIZED_AUTOS = YES_AGGRESSIVE;
				GCC_WARN_UNUSED_FUNCTION = YES;
				GCC_WARN_UNUSED_VARIABLE = YES;
				IPHONEOS_DEPLOYMENT_TARGET = 10.0;
				MTL_ENABLE_DEBUG_INFO = INCLUDE_SOURCE;
				MTL_FAST_MATH = YES;
				ONLY_ACTIVE_ARCH = YES;
				SDKROOT = iphoneos;
				SWIFT_ACTIVE_COMPILATION_CONDITIONS = DEBUG;
				SWIFT_OPTIMIZATION_LEVEL = "-Onone";
			};
			name = Debug;
		};
		525C4ABA24E4BC4800659EC6 /* Release */ = {
			isa = XCBuildConfiguration;
			buildSettings = {
				ALWAYS_SEARCH_USER_PATHS = NO;
				CLANG_ANALYZER_NONNULL = YES;
				CLANG_ANALYZER_NUMBER_OBJECT_CONVERSION = YES_AGGRESSIVE;
				CLANG_CXX_LANGUAGE_STANDARD = "gnu++14";
				CLANG_CXX_LIBRARY = "libc++";
				CLANG_ENABLE_MODULES = YES;
				CLANG_ENABLE_OBJC_ARC = YES;
				CLANG_ENABLE_OBJC_WEAK = YES;
				CLANG_WARN_BLOCK_CAPTURE_AUTORELEASING = YES;
				CLANG_WARN_BOOL_CONVERSION = YES;
				CLANG_WARN_COMMA = YES;
				CLANG_WARN_CONSTANT_CONVERSION = YES;
				CLANG_WARN_DEPRECATED_OBJC_IMPLEMENTATIONS = YES;
				CLANG_WARN_DIRECT_OBJC_ISA_USAGE = YES_ERROR;
				CLANG_WARN_DOCUMENTATION_COMMENTS = YES;
				CLANG_WARN_EMPTY_BODY = YES;
				CLANG_WARN_ENUM_CONVERSION = YES;
				CLANG_WARN_INFINITE_RECURSION = YES;
				CLANG_WARN_INT_CONVERSION = YES;
				CLANG_WARN_NON_LITERAL_NULL_CONVERSION = YES;
				CLANG_WARN_OBJC_IMPLICIT_RETAIN_SELF = YES;
				CLANG_WARN_OBJC_LITERAL_CONVERSION = YES;
				CLANG_WARN_OBJC_ROOT_CLASS = YES_ERROR;
				CLANG_WARN_RANGE_LOOP_ANALYSIS = YES;
				CLANG_WARN_STRICT_PROTOTYPES = YES;
				CLANG_WARN_SUSPICIOUS_MOVE = YES;
				CLANG_WARN_UNGUARDED_AVAILABILITY = YES_AGGRESSIVE;
				CLANG_WARN_UNREACHABLE_CODE = YES;
				CLANG_WARN__DUPLICATE_METHOD_MATCH = YES;
				COPY_PHASE_STRIP = NO;
				DEBUG_INFORMATION_FORMAT = "dwarf-with-dsym";
				ENABLE_NS_ASSERTIONS = NO;
				ENABLE_STRICT_OBJC_MSGSEND = YES;
				GCC_C_LANGUAGE_STANDARD = gnu11;
				GCC_NO_COMMON_BLOCKS = YES;
				GCC_WARN_64_TO_32_BIT_CONVERSION = YES;
				GCC_WARN_ABOUT_RETURN_TYPE = YES_ERROR;
				GCC_WARN_UNDECLARED_SELECTOR = YES;
				GCC_WARN_UNINITIALIZED_AUTOS = YES_AGGRESSIVE;
				GCC_WARN_UNUSED_FUNCTION = YES;
				GCC_WARN_UNUSED_VARIABLE = YES;
				IPHONEOS_DEPLOYMENT_TARGET = 10.0;
				MTL_ENABLE_DEBUG_INFO = NO;
				MTL_FAST_MATH = YES;
				SDKROOT = iphoneos;
				SWIFT_COMPILATION_MODE = wholemodule;
				SWIFT_OPTIMIZATION_LEVEL = "-O";
				VALIDATE_PRODUCT = YES;
			};
			name = Release;
		};
		525C4ABC24E4BC4800659EC6 /* Debug */ = {
			isa = XCBuildConfiguration;
			baseConfigurationReference = 6EE5C9A298FFDF2AA059A61C /* Pods-Scheduler.debug.xcconfig */;
			buildSettings = {
				ASSETCATALOG_COMPILER_APPICON_NAME = AppIcon;
				CODE_SIGN_STYLE = Manual;
				DEVELOPMENT_TEAM = "";
				INFOPLIST_FILE = Scheduler/Resources/Info.plist;
				IPHONEOS_DEPLOYMENT_TARGET = 10.0;
				LD_RUNPATH_SEARCH_PATHS = (
					"$(inherited)",
					"@executable_path/Frameworks",
				);
				PRODUCT_BUNDLE_IDENTIFIER = dev.mynt.Scheduler;
				PRODUCT_NAME = "$(TARGET_NAME)";
				PROVISIONING_PROFILE_SPECIFIER = "";
				SWIFT_VERSION = 5.0;
				TARGETED_DEVICE_FAMILY = "1,2";
			};
			name = Debug;
		};
		525C4ABD24E4BC4800659EC6 /* Release */ = {
			isa = XCBuildConfiguration;
			baseConfigurationReference = 89613AE0124B96B465532C28 /* Pods-Scheduler.release.xcconfig */;
			buildSettings = {
				ASSETCATALOG_COMPILER_APPICON_NAME = AppIcon;
				CODE_SIGN_STYLE = Manual;
				DEVELOPMENT_TEAM = "";
				INFOPLIST_FILE = Scheduler/Resources/Info.plist;
				IPHONEOS_DEPLOYMENT_TARGET = 10.0;
				LD_RUNPATH_SEARCH_PATHS = (
					"$(inherited)",
					"@executable_path/Frameworks",
				);
				PRODUCT_BUNDLE_IDENTIFIER = dev.mynt.Scheduler;
				PRODUCT_NAME = "$(TARGET_NAME)";
				PROVISIONING_PROFILE_SPECIFIER = "";
				SWIFT_VERSION = 5.0;
				TARGETED_DEVICE_FAMILY = "1,2";
			};
			name = Release;
		};
/* End XCBuildConfiguration section */

/* Begin XCConfigurationList section */
		525C4A9F24E4BC4500659EC6 /* Build configuration list for PBXProject "Scheduler" */ = {
			isa = XCConfigurationList;
			buildConfigurations = (
				525C4AB924E4BC4800659EC6 /* Debug */,
				525C4ABA24E4BC4800659EC6 /* Release */,
			);
			defaultConfigurationIsVisible = 0;
			defaultConfigurationName = Release;
		};
		525C4ABB24E4BC4800659EC6 /* Build configuration list for PBXNativeTarget "Scheduler" */ = {
			isa = XCConfigurationList;
			buildConfigurations = (
				525C4ABC24E4BC4800659EC6 /* Debug */,
				525C4ABD24E4BC4800659EC6 /* Release */,
			);
			defaultConfigurationIsVisible = 0;
			defaultConfigurationName = Release;
		};
/* End XCConfigurationList section */

/* Begin XCVersionGroup section */
		525C4AB024E4BC4500659EC6 /* Scheduler.xcdatamodeld */ = {
			isa = XCVersionGroup;
			children = (
				525C4AB124E4BC4500659EC6 /* Scheduler.xcdatamodel */,
			);
			currentVersion = 525C4AB124E4BC4500659EC6 /* Scheduler.xcdatamodel */;
			path = Scheduler.xcdatamodeld;
			sourceTree = "<group>";
			versionGroupType = wrapper.xcdatamodel;
		};
/* End XCVersionGroup section */
	};
	rootObject = 525C4A9C24E4BC4500659EC6 /* Project object */;
}
