// !$*UTF8*$!
{
	archiveVersion = 1;
	classes = {
	};
	objectVersion = 51;
	objects = {

/* Begin PBXBuildFile section */
		5204849124F733B3003B915A /* KeyboardToolbar.swift in Sources */ = {isa = PBXBuildFile; fileRef = 5204849024F733B3003B915A /* KeyboardToolbar.swift */; };
		5204849324F734B5003B915A /* KeyboardToolbar.xib in Resources */ = {isa = PBXBuildFile; fileRef = 5204849224F734B5003B915A /* KeyboardToolbar.xib */; };
		5204F97124F20E3F00653B58 /* EventsPerformAddAction.swift in Sources */ = {isa = PBXBuildFile; fileRef = 5204F97024F20E3F00653B58 /* EventsPerformAddAction.swift */; };
		5204F97324F20E4800653B58 /* EventsPerformEditAction.swift in Sources */ = {isa = PBXBuildFile; fileRef = 5204F97224F20E4800653B58 /* EventsPerformEditAction.swift */; };
		5204F97524F20E5100653B58 /* EventsPerformDeleteAction.swift in Sources */ = {isa = PBXBuildFile; fileRef = 5204F97424F20E5100653B58 /* EventsPerformDeleteAction.swift */; };
		5204F97724F219A000653B58 /* FlowCoordinator.swift in Sources */ = {isa = PBXBuildFile; fileRef = 5204F97624F219A000653B58 /* FlowCoordinator.swift */; };
		5204F97924F25C8D00653B58 /* LoginFlowCoordinator.swift in Sources */ = {isa = PBXBuildFile; fileRef = 5204F97824F25C8D00653B58 /* LoginFlowCoordinator.swift */; };
		520B179724E9FF800061C03C /* KeyboardObservableStateType.swift in Sources */ = {isa = PBXBuildFile; fileRef = 520B179624E9FF800061C03C /* KeyboardObservableStateType.swift */; };
		520B179924EA03510061C03C /* KeyboardObservableActionReducer.swift in Sources */ = {isa = PBXBuildFile; fileRef = 520B179824EA03510061C03C /* KeyboardObservableActionReducer.swift */; };
		520B55A324E93335007621DE /* View.swift in Sources */ = {isa = PBXBuildFile; fileRef = 520B55A224E93335007621DE /* View.swift */; };
		5213424D24ECA2DD00C10AC2 /* EventsViewState.swift in Sources */ = {isa = PBXBuildFile; fileRef = 5213424C24ECA2DD00C10AC2 /* EventsViewState.swift */; };
		5213425024ECA35900C10AC2 /* EventsShowAddAction.swift in Sources */ = {isa = PBXBuildFile; fileRef = 5213424F24ECA35900C10AC2 /* EventsShowAddAction.swift */; };
		5213425224ECA36300C10AC2 /* EventsShowEditAction.swift in Sources */ = {isa = PBXBuildFile; fileRef = 5213425124ECA36300C10AC2 /* EventsShowEditAction.swift */; };
		521E417724EC1BFB005F0318 /* Date.swift in Sources */ = {isa = PBXBuildFile; fileRef = 521E417624EC1BFB005F0318 /* Date.swift */; };
		521E417924EC2AD9005F0318 /* CollectionViewDataSource.swift in Sources */ = {isa = PBXBuildFile; fileRef = 521E417824EC2AD9005F0318 /* CollectionViewDataSource.swift */; };
		52225FEC24F18FF900391FB0 /* UITableView.swift in Sources */ = {isa = PBXBuildFile; fileRef = 52225FEB24F18FF900391FB0 /* UITableView.swift */; };
		52225FEE24F1901700391FB0 /* UICollectionView.swift in Sources */ = {isa = PBXBuildFile; fileRef = 52225FED24F1901700391FB0 /* UICollectionView.swift */; };
		522CE73F24E93EF200F5EF78 /* ViewController.swift in Sources */ = {isa = PBXBuildFile; fileRef = 522CE73E24E93EF200F5EF78 /* ViewController.swift */; };
		522CF5BF24EAEAD5004B3B01 /* RegistrationErrorState.swift in Sources */ = {isa = PBXBuildFile; fileRef = 522CF5BE24EAEAD5004B3B01 /* RegistrationErrorState.swift */; };
		522CF5C124EAF64E004B3B01 /* RegistrationProcessAction.swift in Sources */ = {isa = PBXBuildFile; fileRef = 522CF5C024EAF64E004B3B01 /* RegistrationProcessAction.swift */; };
		5233DDA424EB898F00FDBCB2 /* RegistrationSuccessViewController.swift in Sources */ = {isa = PBXBuildFile; fileRef = 5233DDA324EB898F00FDBCB2 /* RegistrationSuccessViewController.swift */; };
		5233DDA624EB899900FDBCB2 /* RegistrationSuccessViewController.storyboard in Resources */ = {isa = PBXBuildFile; fileRef = 5233DDA524EB899900FDBCB2 /* RegistrationSuccessViewController.storyboard */; };
		5233DDA824EB8DE800FDBCB2 /* RegistrationSuccessCoordinator.swift in Sources */ = {isa = PBXBuildFile; fileRef = 5233DDA724EB8DE800FDBCB2 /* RegistrationSuccessCoordinator.swift */; };
		5233DDAA24EB8DF200FDBCB2 /* RegistrationSuccessState.swift in Sources */ = {isa = PBXBuildFile; fileRef = 5233DDA924EB8DF200FDBCB2 /* RegistrationSuccessState.swift */; };
		5233DDAC24EB8E0100FDBCB2 /* RegistrationSuccessStore.swift in Sources */ = {isa = PBXBuildFile; fileRef = 5233DDAB24EB8E0100FDBCB2 /* RegistrationSuccessStore.swift */; };
		5233DDAE24EB8E1500FDBCB2 /* RegistrationSuccessReducer.swift in Sources */ = {isa = PBXBuildFile; fileRef = 5233DDAD24EB8E1500FDBCB2 /* RegistrationSuccessReducer.swift */; };
		5233DDB024EB8F8F00FDBCB2 /* RegistrationSuccessViewState.swift in Sources */ = {isa = PBXBuildFile; fileRef = 5233DDAF24EB8F8F00FDBCB2 /* RegistrationSuccessViewState.swift */; };
		5233DDB424EB957F00FDBCB2 /* RegistrationSuccessReturnAction.swift in Sources */ = {isa = PBXBuildFile; fileRef = 5233DDB324EB957F00FDBCB2 /* RegistrationSuccessReturnAction.swift */; };
		524E5D1524E818C7001FC71B /* RegistrationState.swift in Sources */ = {isa = PBXBuildFile; fileRef = 524E5D1424E818C7001FC71B /* RegistrationState.swift */; };
		524E5D1824E821DB001FC71B /* Coordinator.swift in Sources */ = {isa = PBXBuildFile; fileRef = 524E5D1724E821DB001FC71B /* Coordinator.swift */; };
		524E5D1A24E826E2001FC71B /* ActionReducer.swift in Sources */ = {isa = PBXBuildFile; fileRef = 524E5D1924E826E2001FC71B /* ActionReducer.swift */; };
		5259D21924F25DBE00146156 /* LoginFlowStore.swift in Sources */ = {isa = PBXBuildFile; fileRef = 5259D21824F25DBE00146156 /* LoginFlowStore.swift */; };
		5259D21B24F25DE500146156 /* LoginFlowState.swift in Sources */ = {isa = PBXBuildFile; fileRef = 5259D21A24F25DE500146156 /* LoginFlowState.swift */; };
		5259D21D24F26ED200146156 /* LoginFlowRoute.swift in Sources */ = {isa = PBXBuildFile; fileRef = 5259D21C24F26ED200146156 /* LoginFlowRoute.swift */; };
		5259D21F24F2726D00146156 /* LoginFlowReducer.swift in Sources */ = {isa = PBXBuildFile; fileRef = 5259D21E24F2726D00146156 /* LoginFlowReducer.swift */; };
		525A54A324EA5F5500CA0274 /* String.swift in Sources */ = {isa = PBXBuildFile; fileRef = 525A54A224EA5F5500CA0274 /* String.swift */; };
		525A54A524EA73B600CA0274 /* LoginRegisterAction.swift in Sources */ = {isa = PBXBuildFile; fileRef = 525A54A424EA73B600CA0274 /* LoginRegisterAction.swift */; };
		525A54A724EA845A00CA0274 /* LoginProcessAction.swift in Sources */ = {isa = PBXBuildFile; fileRef = 525A54A624EA845A00CA0274 /* LoginProcessAction.swift */; };
		525A54A924EA84FE00CA0274 /* RegistrationAction.swift in Sources */ = {isa = PBXBuildFile; fileRef = 525A54A824EA84FE00CA0274 /* RegistrationAction.swift */; };
		525A54AB24EA881600CA0274 /* LoginViewState.swift in Sources */ = {isa = PBXBuildFile; fileRef = 525A54AA24EA881600CA0274 /* LoginViewState.swift */; };
		525C4AA824E4BC4500659EC6 /* AppDelegate.swift in Sources */ = {isa = PBXBuildFile; fileRef = 525C4AA724E4BC4500659EC6 /* AppDelegate.swift */; };
		525C4AAA24E4BC4500659EC6 /* SceneDelegate.swift in Sources */ = {isa = PBXBuildFile; fileRef = 525C4AA924E4BC4500659EC6 /* SceneDelegate.swift */; };
		525C4AAC24E4BC4500659EC6 /* LoginViewController.swift in Sources */ = {isa = PBXBuildFile; fileRef = 525C4AAB24E4BC4500659EC6 /* LoginViewController.swift */; };
		525C4AAF24E4BC4500659EC6 /* LoginViewController.storyboard in Resources */ = {isa = PBXBuildFile; fileRef = 525C4AAD24E4BC4500659EC6 /* LoginViewController.storyboard */; };
		525C4AB224E4BC4500659EC6 /* Scheduler.xcdatamodeld in Sources */ = {isa = PBXBuildFile; fileRef = 525C4AB024E4BC4500659EC6 /* Scheduler.xcdatamodeld */; };
		525C4AB424E4BC4800659EC6 /* Assets.xcassets in Resources */ = {isa = PBXBuildFile; fileRef = 525C4AB324E4BC4800659EC6 /* Assets.xcassets */; };
		525C4AB724E4BC4800659EC6 /* LaunchScreen.storyboard in Resources */ = {isa = PBXBuildFile; fileRef = 525C4AB524E4BC4800659EC6 /* LaunchScreen.storyboard */; };
		525C4ABF24E4EEA600659EC6 /* SceneCoordinator.swift in Sources */ = {isa = PBXBuildFile; fileRef = 525C4ABE24E4EEA600659EC6 /* SceneCoordinator.swift */; };
		525C4AC524E632C600659EC6 /* SceneRoute.swift in Sources */ = {isa = PBXBuildFile; fileRef = 525C4AC424E632C600659EC6 /* SceneRoute.swift */; };
		525C4AC724E633F800659EC6 /* LoginCoordinator.swift in Sources */ = {isa = PBXBuildFile; fileRef = 525C4AC624E633F800659EC6 /* LoginCoordinator.swift */; };
		526302CA24E9440400CDCD1D /* PrimaryLabel.swift in Sources */ = {isa = PBXBuildFile; fileRef = 526302C924E9440400CDCD1D /* PrimaryLabel.swift */; };
		526302CC24E9441200CDCD1D /* SecondaryLabel.swift in Sources */ = {isa = PBXBuildFile; fileRef = 526302CB24E9441200CDCD1D /* SecondaryLabel.swift */; };
		526302CE24E9441E00CDCD1D /* ErrorLabel.swift in Sources */ = {isa = PBXBuildFile; fileRef = 526302CD24E9441E00CDCD1D /* ErrorLabel.swift */; };
		526302D024E9442A00CDCD1D /* TextField.swift in Sources */ = {isa = PBXBuildFile; fileRef = 526302CF24E9442A00CDCD1D /* TextField.swift */; };
		526302D224E9443300CDCD1D /* PrimaryButton.swift in Sources */ = {isa = PBXBuildFile; fileRef = 526302D124E9443300CDCD1D /* PrimaryButton.swift */; };
		526302D424E9445900CDCD1D /* SecondaryButton.swift in Sources */ = {isa = PBXBuildFile; fileRef = 526302D324E9445900CDCD1D /* SecondaryButton.swift */; };
		526302DA24E9465A00CDCD1D /* Font.swift in Sources */ = {isa = PBXBuildFile; fileRef = 526302D924E9465A00CDCD1D /* Font.swift */; };
		52630EB924E98A4E0018AECE /* KeyboardObservableViewController.swift in Sources */ = {isa = PBXBuildFile; fileRef = 52630EB824E98A4E0018AECE /* KeyboardObservableViewController.swift */; };
		52630EBB24E99D610018AECE /* KeyboardAction.swift in Sources */ = {isa = PBXBuildFile; fileRef = 52630EBA24E99D610018AECE /* KeyboardAction.swift */; };
		52630EBD24E9A0540018AECE /* KeyboardSpec.swift in Sources */ = {isa = PBXBuildFile; fileRef = 52630EBC24E9A0540018AECE /* KeyboardSpec.swift */; };
		526BB15C24EBD39B00694BD3 /* SceneReducer+Middleware.swift in Sources */ = {isa = PBXBuildFile; fileRef = 526BB15B24EBD39B00694BD3 /* SceneReducer+Middleware.swift */; };
		526BB15E24EBD81300694BD3 /* SessionRepository.swift in Sources */ = {isa = PBXBuildFile; fileRef = 526BB15D24EBD81300694BD3 /* SessionRepository.swift */; };
		526BB16124EBDEA500694BD3 /* SceneReducer+Utilities.swift in Sources */ = {isa = PBXBuildFile; fileRef = 526BB16024EBDEA500694BD3 /* SceneReducer+Utilities.swift */; };
		526BB16324EBDF1A00694BD3 /* CalendarViewController.swift in Sources */ = {isa = PBXBuildFile; fileRef = 526BB16224EBDF1A00694BD3 /* CalendarViewController.swift */; };
		526C3A3724EAB28E002A3D9F /* RegistrationViewController.swift in Sources */ = {isa = PBXBuildFile; fileRef = 526C3A3624EAB28E002A3D9F /* RegistrationViewController.swift */; };
		526C3A3924EAB2A1002A3D9F /* RegistrationViewController.storyboard in Resources */ = {isa = PBXBuildFile; fileRef = 526C3A3824EAB2A1002A3D9F /* RegistrationViewController.storyboard */; };
		526C3A3B24EAB532002A3D9F /* RegistrationCoordinator.swift in Sources */ = {isa = PBXBuildFile; fileRef = 526C3A3A24EAB532002A3D9F /* RegistrationCoordinator.swift */; };
		526C3A3D24EAB5CB002A3D9F /* RegistrationStore.swift in Sources */ = {isa = PBXBuildFile; fileRef = 526C3A3C24EAB5CB002A3D9F /* RegistrationStore.swift */; };
		526C3A3F24EAB6CC002A3D9F /* RegistrationReducer.swift in Sources */ = {isa = PBXBuildFile; fileRef = 526C3A3E24EAB6CC002A3D9F /* RegistrationReducer.swift */; };
		526C3A4124EAE173002A3D9F /* RegistrationViewState.swift in Sources */ = {isa = PBXBuildFile; fileRef = 526C3A4024EAE172002A3D9F /* RegistrationViewState.swift */; };
		5284C51D24E663160032FFB4 /* ViewCoordinator.swift in Sources */ = {isa = PBXBuildFile; fileRef = 5284C51C24E663160032FFB4 /* ViewCoordinator.swift */; };
		5284C51F24E666C00032FFB4 /* LoginAction.swift in Sources */ = {isa = PBXBuildFile; fileRef = 5284C51E24E666C00032FFB4 /* LoginAction.swift */; };
		5284C52124E666D20032FFB4 /* LoginReducer.swift in Sources */ = {isa = PBXBuildFile; fileRef = 5284C52024E666D20032FFB4 /* LoginReducer.swift */; };
		5284C52324E667580032FFB4 /* LoginState.swift in Sources */ = {isa = PBXBuildFile; fileRef = 5284C52224E667580032FFB4 /* LoginState.swift */; };
		5284C52524E671FF0032FFB4 /* SceneStore.swift in Sources */ = {isa = PBXBuildFile; fileRef = 5284C52424E671FF0032FFB4 /* SceneStore.swift */; };
		5284C52724E673CE0032FFB4 /* SceneState.swift in Sources */ = {isa = PBXBuildFile; fileRef = 5284C52624E673CE0032FFB4 /* SceneState.swift */; };
		5284C52924E678610032FFB4 /* SceneReducer.swift in Sources */ = {isa = PBXBuildFile; fileRef = 5284C52824E678610032FFB4 /* SceneReducer.swift */; };
		5284C52D24E67DA80032FFB4 /* ViewControllerCoordinatable.swift in Sources */ = {isa = PBXBuildFile; fileRef = 5284C52C24E67DA80032FFB4 /* ViewControllerCoordinatable.swift */; };
		5284C52F24E67E790032FFB4 /* SceneAction.swift in Sources */ = {isa = PBXBuildFile; fileRef = 5284C52E24E67E790032FFB4 /* SceneAction.swift */; };
		52985B8724EC3BE100F9F27C /* CalendarIncrementAction.swift in Sources */ = {isa = PBXBuildFile; fileRef = 52985B8624EC3BE100F9F27C /* CalendarIncrementAction.swift */; };
		52985B8924EC3C0000F9F27C /* CalendarDecrementAction.swift in Sources */ = {isa = PBXBuildFile; fileRef = 52985B8824EC3C0000F9F27C /* CalendarDecrementAction.swift */; };
		52985B8B24EC415600F9F27C /* Optional.swift in Sources */ = {isa = PBXBuildFile; fileRef = 52985B8A24EC415600F9F27C /* Optional.swift */; };
		52985B8D24EC41D500F9F27C /* EventRepository.swift in Sources */ = {isa = PBXBuildFile; fileRef = 52985B8C24EC41D500F9F27C /* EventRepository.swift */; };
		52985B9024EC94D100F9F27C /* EventsViewController.swift in Sources */ = {isa = PBXBuildFile; fileRef = 52985B8F24EC94D100F9F27C /* EventsViewController.swift */; };
		52985B9224EC94DB00F9F27C /* EventsViewController.storyboard in Resources */ = {isa = PBXBuildFile; fileRef = 52985B9124EC94DB00F9F27C /* EventsViewController.storyboard */; };
		52985B9424EC94EB00F9F27C /* EventsCoordinator.swift in Sources */ = {isa = PBXBuildFile; fileRef = 52985B9324EC94EB00F9F27C /* EventsCoordinator.swift */; };
		52985B9624EC94F700F9F27C /* EventsState.swift in Sources */ = {isa = PBXBuildFile; fileRef = 52985B9524EC94F700F9F27C /* EventsState.swift */; };
		52985B9824EC950200F9F27C /* EventsReducer.swift in Sources */ = {isa = PBXBuildFile; fileRef = 52985B9724EC950200F9F27C /* EventsReducer.swift */; };
		52985B9A24EC950F00F9F27C /* EventsRefreshViewAction.swift in Sources */ = {isa = PBXBuildFile; fileRef = 52985B9924EC950F00F9F27C /* EventsRefreshViewAction.swift */; };
		52985B9C24EC962600F9F27C /* EventsStore.swift in Sources */ = {isa = PBXBuildFile; fileRef = 52985B9B24EC962600F9F27C /* EventsStore.swift */; };
		52985B9E24EC9D6200F9F27C /* TableViewDataSource.swift in Sources */ = {isa = PBXBuildFile; fileRef = 52985B9D24EC9D6200F9F27C /* TableViewDataSource.swift */; };
		52A2FB6024E927F8000ECBFF /* Color.swift in Sources */ = {isa = PBXBuildFile; fileRef = 52A2FB5F24E927F8000ECBFF /* Color.swift */; };
		52A2FB6224E92A52000ECBFF /* UIColor.swift in Sources */ = {isa = PBXBuildFile; fileRef = 52A2FB6124E92A52000ECBFF /* UIColor.swift */; };
		52A2FB6624E92E7E000ECBFF /* NavigationController.swift in Sources */ = {isa = PBXBuildFile; fileRef = 52A2FB6524E92E7E000ECBFF /* NavigationController.swift */; };
		52A8290B24F2AA3200A81D4B /* RegistrationFlowStore.swift in Sources */ = {isa = PBXBuildFile; fileRef = 52A8290A24F2AA3200A81D4B /* RegistrationFlowStore.swift */; };
		52A8290D24F2AA3D00A81D4B /* RegistrationFlowRoute.swift in Sources */ = {isa = PBXBuildFile; fileRef = 52A8290C24F2AA3D00A81D4B /* RegistrationFlowRoute.swift */; };
		52A8290F24F2AA5000A81D4B /* RegistrationFlowState.swift in Sources */ = {isa = PBXBuildFile; fileRef = 52A8290E24F2AA5000A81D4B /* RegistrationFlowState.swift */; };
		52A8291124F2AA5B00A81D4B /* RegistrationFlowAction.swift in Sources */ = {isa = PBXBuildFile; fileRef = 52A8291024F2AA5B00A81D4B /* RegistrationFlowAction.swift */; };
		52A8291324F2AA6800A81D4B /* RegistrationFlowCoordinator.swift in Sources */ = {isa = PBXBuildFile; fileRef = 52A8291224F2AA6800A81D4B /* RegistrationFlowCoordinator.swift */; };
		52A8291524F2AAEF00A81D4B /* RegistrationFlowReducer.swift in Sources */ = {isa = PBXBuildFile; fileRef = 52A8291424F2AAEF00A81D4B /* RegistrationFlowReducer.swift */; };
		52A8291824F2BB8200A81D4B /* CalendarFlowStore.swift in Sources */ = {isa = PBXBuildFile; fileRef = 52A8291724F2BB8200A81D4B /* CalendarFlowStore.swift */; };
		52A8291A24F2BB9000A81D4B /* CalendarFlowRoute.swift in Sources */ = {isa = PBXBuildFile; fileRef = 52A8291924F2BB9000A81D4B /* CalendarFlowRoute.swift */; };
		52A8291C24F2BBA200A81D4B /* CalendarFlowState.swift in Sources */ = {isa = PBXBuildFile; fileRef = 52A8291B24F2BBA200A81D4B /* CalendarFlowState.swift */; };
		52A8291E24F2BBB400A81D4B /* CalendarFlowAction.swift in Sources */ = {isa = PBXBuildFile; fileRef = 52A8291D24F2BBB400A81D4B /* CalendarFlowAction.swift */; };
		52A8292024F2BD5E00A81D4B /* CalendarFlowCoordinator.swift in Sources */ = {isa = PBXBuildFile; fileRef = 52A8291F24F2BD5E00A81D4B /* CalendarFlowCoordinator.swift */; };
		52A8292224F2BD6500A81D4B /* CalendarFlowReducer.swift in Sources */ = {isa = PBXBuildFile; fileRef = 52A8292124F2BD6500A81D4B /* CalendarFlowReducer.swift */; };
		52ACACC824E7905700147137 /* SceneWindow.swift in Sources */ = {isa = PBXBuildFile; fileRef = 52ACACC724E7905700147137 /* SceneWindow.swift */; };
		52B9F76624EC01F000AA1DC0 /* CalendarCoordinator.swift in Sources */ = {isa = PBXBuildFile; fileRef = 52B9F76524EC01F000AA1DC0 /* CalendarCoordinator.swift */; };
		52B9F76824EC024900AA1DC0 /* CalendarState.swift in Sources */ = {isa = PBXBuildFile; fileRef = 52B9F76724EC024900AA1DC0 /* CalendarState.swift */; };
		52B9F76A24EC025B00AA1DC0 /* CalendarRefreshAction.swift in Sources */ = {isa = PBXBuildFile; fileRef = 52B9F76924EC025B00AA1DC0 /* CalendarRefreshAction.swift */; };
		52B9F76C24EC029300AA1DC0 /* CalendarViewState.swift in Sources */ = {isa = PBXBuildFile; fileRef = 52B9F76B24EC029300AA1DC0 /* CalendarViewState.swift */; };
		52B9F76E24EC02A300AA1DC0 /* CalendarViewController.storyboard in Resources */ = {isa = PBXBuildFile; fileRef = 52B9F76D24EC02A300AA1DC0 /* CalendarViewController.storyboard */; };
		52B9F77024EC036B00AA1DC0 /* CalendarStore.swift in Sources */ = {isa = PBXBuildFile; fileRef = 52B9F76F24EC036B00AA1DC0 /* CalendarStore.swift */; };
		52B9F77224EC046000AA1DC0 /* CalendarReducer.swift in Sources */ = {isa = PBXBuildFile; fileRef = 52B9F77124EC046000AA1DC0 /* CalendarReducer.swift */; };
		52B9F77424EC081B00AA1DC0 /* CalendarLogoutAction.swift in Sources */ = {isa = PBXBuildFile; fileRef = 52B9F77324EC081B00AA1DC0 /* CalendarLogoutAction.swift */; };
		52B9F77624EC082A00AA1DC0 /* CalendarSelectAction.swift in Sources */ = {isa = PBXBuildFile; fileRef = 52B9F77524EC082A00AA1DC0 /* CalendarSelectAction.swift */; };
		52BB97FA24F2CA520039955A /* CalendarCollectionViewCell.swift in Sources */ = {isa = PBXBuildFile; fileRef = 52BB97F824F2CA520039955A /* CalendarCollectionViewCell.swift */; };
		52BB97FB24F2CA520039955A /* CalendarCollectionViewCell.xib in Resources */ = {isa = PBXBuildFile; fileRef = 52BB97F924F2CA520039955A /* CalendarCollectionViewCell.xib */; };
		52BD22B324ECC9320058BFC5 /* User+CoreDataClass.swift in Sources */ = {isa = PBXBuildFile; fileRef = 52BD22B124ECC9320058BFC5 /* User+CoreDataClass.swift */; };
		52BD22B424ECC9320058BFC5 /* User+CoreDataProperties.swift in Sources */ = {isa = PBXBuildFile; fileRef = 52BD22B224ECC9320058BFC5 /* User+CoreDataProperties.swift */; };
		52C435E424F191F1009B9DB1 /* EventsTableViewCell.swift in Sources */ = {isa = PBXBuildFile; fileRef = 52C435E324F191F1009B9DB1 /* EventsTableViewCell.swift */; };
		52C435E624F192CD009B9DB1 /* EventsTableViewCell.xib in Resources */ = {isa = PBXBuildFile; fileRef = 52C435E524F192CD009B9DB1 /* EventsTableViewCell.xib */; };
		52C435EA24F1F523009B9DB1 /* UIViewController.swift in Sources */ = {isa = PBXBuildFile; fileRef = 52C435E924F1F523009B9DB1 /* UIViewController.swift */; };
		52C7640B24E8D89C00E02E2D /* Storyboardable.swift in Sources */ = {isa = PBXBuildFile; fileRef = 52C7640A24E8D89C00E02E2D /* Storyboardable.swift */; };
		52C7640D24E8E8A900E02E2D /* Store.swift in Sources */ = {isa = PBXBuildFile; fileRef = 52C7640C24E8E8A900E02E2D /* Store.swift */; };
		52CE302B24F2A780000C2603 /* LoginFlowAction.swift in Sources */ = {isa = PBXBuildFile; fileRef = 52CE302A24F2A780000C2603 /* LoginFlowAction.swift */; };
		52E84FB724E916BC007C2D21 /* Colors.xcassets in Resources */ = {isa = PBXBuildFile; fileRef = 52E84FB624E916BC007C2D21 /* Colors.xcassets */; };
		52EF201424EB6DB6001B20F0 /* Event+CoreDataClass.swift in Sources */ = {isa = PBXBuildFile; fileRef = 52EF201024EB6DB6001B20F0 /* Event+CoreDataClass.swift */; };
		52EF201524EB6DB6001B20F0 /* Event+CoreDataProperties.swift in Sources */ = {isa = PBXBuildFile; fileRef = 52EF201124EB6DB6001B20F0 /* Event+CoreDataProperties.swift */; };
		52EF201A24EB6F01001B20F0 /* Session+CoreDataClass.swift in Sources */ = {isa = PBXBuildFile; fileRef = 52EF201824EB6F01001B20F0 /* Session+CoreDataClass.swift */; };
		52EF201B24EB6F01001B20F0 /* Session+CoreDataProperties.swift in Sources */ = {isa = PBXBuildFile; fileRef = 52EF201924EB6F01001B20F0 /* Session+CoreDataProperties.swift */; };
		52EF202024EB73C6001B20F0 /* LoginReducer+Middleware.swift in Sources */ = {isa = PBXBuildFile; fileRef = 52EF201F24EB73C6001B20F0 /* LoginReducer+Middleware.swift */; };
		52EF202224EB73D6001B20F0 /* LoginReducer+Utilities.swift in Sources */ = {isa = PBXBuildFile; fileRef = 52EF202124EB73D6001B20F0 /* LoginReducer+Utilities.swift */; };
		52EF202624EB7B7F001B20F0 /* RegistrationReducer+Middleware.swift in Sources */ = {isa = PBXBuildFile; fileRef = 52EF202524EB7B7F001B20F0 /* RegistrationReducer+Middleware.swift */; };
		52EF202824EB7B8A001B20F0 /* RegistrationReducer+Utilities.swift in Sources */ = {isa = PBXBuildFile; fileRef = 52EF202724EB7B8A001B20F0 /* RegistrationReducer+Utilities.swift */; };
		52EF202A24EB7CC7001B20F0 /* UserRepository.swift in Sources */ = {isa = PBXBuildFile; fileRef = 52EF202924EB7CC7001B20F0 /* UserRepository.swift */; };
		52EF202C24EB8024001B20F0 /* Persistence.swift in Sources */ = {isa = PBXBuildFile; fileRef = 52EF202B24EB8024001B20F0 /* Persistence.swift */; };
		52F2184024F172FF00757B6E /* UIView.swift in Sources */ = {isa = PBXBuildFile; fileRef = 52F2183F24F172FF00757B6E /* UIView.swift */; };
		52F5BFB424E8A2D400EB8CDD /* LoginStore.swift in Sources */ = {isa = PBXBuildFile; fileRef = 52F5BFB324E8A2D400EB8CDD /* LoginStore.swift */; };
		52F7FBB624E7BC09008F7FDB /* SceneResponder.swift in Sources */ = {isa = PBXBuildFile; fileRef = 52F7FBB524E7BC09008F7FDB /* SceneResponder.swift */; };
		52FCA62224EA462E0091235F /* KeyboardObservableViewCoordinator.swift in Sources */ = {isa = PBXBuildFile; fileRef = 52FCA62124EA462E0091235F /* KeyboardObservableViewCoordinator.swift */; };
		A20DE51C7A32A74815A780DB /* Pods_Scheduler.framework in Frameworks */ = {isa = PBXBuildFile; fileRef = 70526C0E2D27263308DCBFF2 /* Pods_Scheduler.framework */; };
		EE08440324ECDB5E00CEA705 /* CollectionViewColumnFlowLayout.swift in Sources */ = {isa = PBXBuildFile; fileRef = EE08440224ECDB5E00CEA705 /* CollectionViewColumnFlowLayout.swift */; };
/* End PBXBuildFile section */

/* Begin PBXFileReference section */
		5204849024F733B3003B915A /* KeyboardToolbar.swift */ = {isa = PBXFileReference; lastKnownFileType = sourcecode.swift; path = KeyboardToolbar.swift; sourceTree = "<group>"; };
		5204849224F734B5003B915A /* KeyboardToolbar.xib */ = {isa = PBXFileReference; lastKnownFileType = file.xib; path = KeyboardToolbar.xib; sourceTree = "<group>"; };
		5204F97024F20E3F00653B58 /* EventsPerformAddAction.swift */ = {isa = PBXFileReference; lastKnownFileType = sourcecode.swift; path = EventsPerformAddAction.swift; sourceTree = "<group>"; };
		5204F97224F20E4800653B58 /* EventsPerformEditAction.swift */ = {isa = PBXFileReference; lastKnownFileType = sourcecode.swift; path = EventsPerformEditAction.swift; sourceTree = "<group>"; };
		5204F97424F20E5100653B58 /* EventsPerformDeleteAction.swift */ = {isa = PBXFileReference; lastKnownFileType = sourcecode.swift; path = EventsPerformDeleteAction.swift; sourceTree = "<group>"; };
		5204F97624F219A000653B58 /* FlowCoordinator.swift */ = {isa = PBXFileReference; lastKnownFileType = sourcecode.swift; path = FlowCoordinator.swift; sourceTree = "<group>"; };
		5204F97824F25C8D00653B58 /* LoginFlowCoordinator.swift */ = {isa = PBXFileReference; lastKnownFileType = sourcecode.swift; path = LoginFlowCoordinator.swift; sourceTree = "<group>"; };
		520B179624E9FF800061C03C /* KeyboardObservableStateType.swift */ = {isa = PBXFileReference; lastKnownFileType = sourcecode.swift; path = KeyboardObservableStateType.swift; sourceTree = "<group>"; };
		520B179824EA03510061C03C /* KeyboardObservableActionReducer.swift */ = {isa = PBXFileReference; lastKnownFileType = sourcecode.swift; path = KeyboardObservableActionReducer.swift; sourceTree = "<group>"; };
		520B55A224E93335007621DE /* View.swift */ = {isa = PBXFileReference; lastKnownFileType = sourcecode.swift; path = View.swift; sourceTree = "<group>"; };
		5213424C24ECA2DD00C10AC2 /* EventsViewState.swift */ = {isa = PBXFileReference; lastKnownFileType = sourcecode.swift; path = EventsViewState.swift; sourceTree = "<group>"; };
		5213424F24ECA35900C10AC2 /* EventsShowAddAction.swift */ = {isa = PBXFileReference; lastKnownFileType = sourcecode.swift; path = EventsShowAddAction.swift; sourceTree = "<group>"; };
		5213425124ECA36300C10AC2 /* EventsShowEditAction.swift */ = {isa = PBXFileReference; lastKnownFileType = sourcecode.swift; path = EventsShowEditAction.swift; sourceTree = "<group>"; };
		521E417624EC1BFB005F0318 /* Date.swift */ = {isa = PBXFileReference; lastKnownFileType = sourcecode.swift; path = Date.swift; sourceTree = "<group>"; };
		521E417824EC2AD9005F0318 /* CollectionViewDataSource.swift */ = {isa = PBXFileReference; lastKnownFileType = sourcecode.swift; path = CollectionViewDataSource.swift; sourceTree = "<group>"; };
		52225FEB24F18FF900391FB0 /* UITableView.swift */ = {isa = PBXFileReference; lastKnownFileType = sourcecode.swift; path = UITableView.swift; sourceTree = "<group>"; };
		52225FED24F1901700391FB0 /* UICollectionView.swift */ = {isa = PBXFileReference; lastKnownFileType = sourcecode.swift; path = UICollectionView.swift; sourceTree = "<group>"; };
		522CE73E24E93EF200F5EF78 /* ViewController.swift */ = {isa = PBXFileReference; lastKnownFileType = sourcecode.swift; path = ViewController.swift; sourceTree = "<group>"; };
		522CF5BE24EAEAD5004B3B01 /* RegistrationErrorState.swift */ = {isa = PBXFileReference; lastKnownFileType = sourcecode.swift; path = RegistrationErrorState.swift; sourceTree = "<group>"; };
		522CF5C024EAF64E004B3B01 /* RegistrationProcessAction.swift */ = {isa = PBXFileReference; lastKnownFileType = sourcecode.swift; path = RegistrationProcessAction.swift; sourceTree = "<group>"; };
		5233DDA324EB898F00FDBCB2 /* RegistrationSuccessViewController.swift */ = {isa = PBXFileReference; lastKnownFileType = sourcecode.swift; path = RegistrationSuccessViewController.swift; sourceTree = "<group>"; };
		5233DDA524EB899900FDBCB2 /* RegistrationSuccessViewController.storyboard */ = {isa = PBXFileReference; lastKnownFileType = file.storyboard; path = RegistrationSuccessViewController.storyboard; sourceTree = "<group>"; };
		5233DDA724EB8DE800FDBCB2 /* RegistrationSuccessCoordinator.swift */ = {isa = PBXFileReference; lastKnownFileType = sourcecode.swift; path = RegistrationSuccessCoordinator.swift; sourceTree = "<group>"; };
		5233DDA924EB8DF200FDBCB2 /* RegistrationSuccessState.swift */ = {isa = PBXFileReference; lastKnownFileType = sourcecode.swift; path = RegistrationSuccessState.swift; sourceTree = "<group>"; };
		5233DDAB24EB8E0100FDBCB2 /* RegistrationSuccessStore.swift */ = {isa = PBXFileReference; lastKnownFileType = sourcecode.swift; path = RegistrationSuccessStore.swift; sourceTree = "<group>"; };
		5233DDAD24EB8E1500FDBCB2 /* RegistrationSuccessReducer.swift */ = {isa = PBXFileReference; lastKnownFileType = sourcecode.swift; path = RegistrationSuccessReducer.swift; sourceTree = "<group>"; };
		5233DDAF24EB8F8F00FDBCB2 /* RegistrationSuccessViewState.swift */ = {isa = PBXFileReference; lastKnownFileType = sourcecode.swift; path = RegistrationSuccessViewState.swift; sourceTree = "<group>"; };
		5233DDB324EB957F00FDBCB2 /* RegistrationSuccessReturnAction.swift */ = {isa = PBXFileReference; lastKnownFileType = sourcecode.swift; path = RegistrationSuccessReturnAction.swift; sourceTree = "<group>"; };
		524E5D1424E818C7001FC71B /* RegistrationState.swift */ = {isa = PBXFileReference; lastKnownFileType = sourcecode.swift; path = RegistrationState.swift; sourceTree = "<group>"; };
		524E5D1724E821DB001FC71B /* Coordinator.swift */ = {isa = PBXFileReference; lastKnownFileType = sourcecode.swift; path = Coordinator.swift; sourceTree = "<group>"; };
		524E5D1924E826E2001FC71B /* ActionReducer.swift */ = {isa = PBXFileReference; lastKnownFileType = sourcecode.swift; path = ActionReducer.swift; sourceTree = "<group>"; };
		5259D21824F25DBE00146156 /* LoginFlowStore.swift */ = {isa = PBXFileReference; lastKnownFileType = sourcecode.swift; path = LoginFlowStore.swift; sourceTree = "<group>"; };
		5259D21A24F25DE500146156 /* LoginFlowState.swift */ = {isa = PBXFileReference; lastKnownFileType = sourcecode.swift; path = LoginFlowState.swift; sourceTree = "<group>"; };
		5259D21C24F26ED200146156 /* LoginFlowRoute.swift */ = {isa = PBXFileReference; lastKnownFileType = sourcecode.swift; path = LoginFlowRoute.swift; sourceTree = "<group>"; };
		5259D21E24F2726D00146156 /* LoginFlowReducer.swift */ = {isa = PBXFileReference; lastKnownFileType = sourcecode.swift; path = LoginFlowReducer.swift; sourceTree = "<group>"; };
		525A54A224EA5F5500CA0274 /* String.swift */ = {isa = PBXFileReference; lastKnownFileType = sourcecode.swift; path = String.swift; sourceTree = "<group>"; };
		525A54A424EA73B600CA0274 /* LoginRegisterAction.swift */ = {isa = PBXFileReference; lastKnownFileType = sourcecode.swift; path = LoginRegisterAction.swift; sourceTree = "<group>"; };
		525A54A624EA845A00CA0274 /* LoginProcessAction.swift */ = {isa = PBXFileReference; lastKnownFileType = sourcecode.swift; path = LoginProcessAction.swift; sourceTree = "<group>"; };
		525A54A824EA84FE00CA0274 /* RegistrationAction.swift */ = {isa = PBXFileReference; lastKnownFileType = sourcecode.swift; path = RegistrationAction.swift; sourceTree = "<group>"; };
		525A54AA24EA881600CA0274 /* LoginViewState.swift */ = {isa = PBXFileReference; lastKnownFileType = sourcecode.swift; path = LoginViewState.swift; sourceTree = "<group>"; };
		525C4AA424E4BC4500659EC6 /* Scheduler.app */ = {isa = PBXFileReference; explicitFileType = wrapper.application; includeInIndex = 0; path = Scheduler.app; sourceTree = BUILT_PRODUCTS_DIR; };
		525C4AA724E4BC4500659EC6 /* AppDelegate.swift */ = {isa = PBXFileReference; lastKnownFileType = sourcecode.swift; path = AppDelegate.swift; sourceTree = "<group>"; };
		525C4AA924E4BC4500659EC6 /* SceneDelegate.swift */ = {isa = PBXFileReference; lastKnownFileType = sourcecode.swift; path = SceneDelegate.swift; sourceTree = "<group>"; };
		525C4AAB24E4BC4500659EC6 /* LoginViewController.swift */ = {isa = PBXFileReference; lastKnownFileType = sourcecode.swift; path = LoginViewController.swift; sourceTree = "<group>"; };
		525C4AAE24E4BC4500659EC6 /* Base */ = {isa = PBXFileReference; lastKnownFileType = file.storyboard; name = Base; path = Base.lproj/LoginViewController.storyboard; sourceTree = "<group>"; };
		525C4AB124E4BC4500659EC6 /* Scheduler.xcdatamodel */ = {isa = PBXFileReference; lastKnownFileType = wrapper.xcdatamodel; path = Scheduler.xcdatamodel; sourceTree = "<group>"; };
		525C4AB324E4BC4800659EC6 /* Assets.xcassets */ = {isa = PBXFileReference; lastKnownFileType = folder.assetcatalog; path = Assets.xcassets; sourceTree = "<group>"; };
		525C4AB624E4BC4800659EC6 /* Base */ = {isa = PBXFileReference; lastKnownFileType = file.storyboard; name = Base; path = Base.lproj/LaunchScreen.storyboard; sourceTree = "<group>"; };
		525C4AB824E4BC4800659EC6 /* Info.plist */ = {isa = PBXFileReference; lastKnownFileType = text.plist.xml; path = Info.plist; sourceTree = "<group>"; };
		525C4ABE24E4EEA600659EC6 /* SceneCoordinator.swift */ = {isa = PBXFileReference; lastKnownFileType = sourcecode.swift; path = SceneCoordinator.swift; sourceTree = "<group>"; };
		525C4AC424E632C600659EC6 /* SceneRoute.swift */ = {isa = PBXFileReference; lastKnownFileType = sourcecode.swift; path = SceneRoute.swift; sourceTree = "<group>"; };
		525C4AC624E633F800659EC6 /* LoginCoordinator.swift */ = {isa = PBXFileReference; lastKnownFileType = sourcecode.swift; path = LoginCoordinator.swift; sourceTree = "<group>"; };
		526302C924E9440400CDCD1D /* PrimaryLabel.swift */ = {isa = PBXFileReference; lastKnownFileType = sourcecode.swift; path = PrimaryLabel.swift; sourceTree = "<group>"; };
		526302CB24E9441200CDCD1D /* SecondaryLabel.swift */ = {isa = PBXFileReference; lastKnownFileType = sourcecode.swift; path = SecondaryLabel.swift; sourceTree = "<group>"; };
		526302CD24E9441E00CDCD1D /* ErrorLabel.swift */ = {isa = PBXFileReference; lastKnownFileType = sourcecode.swift; path = ErrorLabel.swift; sourceTree = "<group>"; };
		526302CF24E9442A00CDCD1D /* TextField.swift */ = {isa = PBXFileReference; lastKnownFileType = sourcecode.swift; path = TextField.swift; sourceTree = "<group>"; };
		526302D124E9443300CDCD1D /* PrimaryButton.swift */ = {isa = PBXFileReference; lastKnownFileType = sourcecode.swift; path = PrimaryButton.swift; sourceTree = "<group>"; };
		526302D324E9445900CDCD1D /* SecondaryButton.swift */ = {isa = PBXFileReference; lastKnownFileType = sourcecode.swift; path = SecondaryButton.swift; sourceTree = "<group>"; };
		526302D924E9465A00CDCD1D /* Font.swift */ = {isa = PBXFileReference; lastKnownFileType = sourcecode.swift; path = Font.swift; sourceTree = "<group>"; };
		52630EB824E98A4E0018AECE /* KeyboardObservableViewController.swift */ = {isa = PBXFileReference; lastKnownFileType = sourcecode.swift; path = KeyboardObservableViewController.swift; sourceTree = "<group>"; };
		52630EBA24E99D610018AECE /* KeyboardAction.swift */ = {isa = PBXFileReference; lastKnownFileType = sourcecode.swift; path = KeyboardAction.swift; sourceTree = "<group>"; };
		52630EBC24E9A0540018AECE /* KeyboardSpec.swift */ = {isa = PBXFileReference; lastKnownFileType = sourcecode.swift; path = KeyboardSpec.swift; sourceTree = "<group>"; };
		526BB15B24EBD39B00694BD3 /* SceneReducer+Middleware.swift */ = {isa = PBXFileReference; lastKnownFileType = sourcecode.swift; path = "SceneReducer+Middleware.swift"; sourceTree = "<group>"; };
		526BB15D24EBD81300694BD3 /* SessionRepository.swift */ = {isa = PBXFileReference; lastKnownFileType = sourcecode.swift; path = SessionRepository.swift; sourceTree = "<group>"; };
		526BB16024EBDEA500694BD3 /* SceneReducer+Utilities.swift */ = {isa = PBXFileReference; lastKnownFileType = sourcecode.swift; path = "SceneReducer+Utilities.swift"; sourceTree = "<group>"; };
		526BB16224EBDF1A00694BD3 /* CalendarViewController.swift */ = {isa = PBXFileReference; lastKnownFileType = sourcecode.swift; path = CalendarViewController.swift; sourceTree = "<group>"; };
		526C3A3624EAB28E002A3D9F /* RegistrationViewController.swift */ = {isa = PBXFileReference; lastKnownFileType = sourcecode.swift; path = RegistrationViewController.swift; sourceTree = "<group>"; };
		526C3A3824EAB2A1002A3D9F /* RegistrationViewController.storyboard */ = {isa = PBXFileReference; lastKnownFileType = file.storyboard; path = RegistrationViewController.storyboard; sourceTree = "<group>"; };
		526C3A3A24EAB532002A3D9F /* RegistrationCoordinator.swift */ = {isa = PBXFileReference; lastKnownFileType = sourcecode.swift; path = RegistrationCoordinator.swift; sourceTree = "<group>"; };
		526C3A3C24EAB5CB002A3D9F /* RegistrationStore.swift */ = {isa = PBXFileReference; lastKnownFileType = sourcecode.swift; path = RegistrationStore.swift; sourceTree = "<group>"; };
		526C3A3E24EAB6CC002A3D9F /* RegistrationReducer.swift */ = {isa = PBXFileReference; lastKnownFileType = sourcecode.swift; path = RegistrationReducer.swift; sourceTree = "<group>"; };
		526C3A4024EAE172002A3D9F /* RegistrationViewState.swift */ = {isa = PBXFileReference; lastKnownFileType = sourcecode.swift; path = RegistrationViewState.swift; sourceTree = "<group>"; };
		5284C51C24E663160032FFB4 /* ViewCoordinator.swift */ = {isa = PBXFileReference; lastKnownFileType = sourcecode.swift; path = ViewCoordinator.swift; sourceTree = "<group>"; };
		5284C51E24E666C00032FFB4 /* LoginAction.swift */ = {isa = PBXFileReference; lastKnownFileType = sourcecode.swift; path = LoginAction.swift; sourceTree = "<group>"; };
		5284C52024E666D20032FFB4 /* LoginReducer.swift */ = {isa = PBXFileReference; lastKnownFileType = sourcecode.swift; path = LoginReducer.swift; sourceTree = "<group>"; };
		5284C52224E667580032FFB4 /* LoginState.swift */ = {isa = PBXFileReference; lastKnownFileType = sourcecode.swift; path = LoginState.swift; sourceTree = "<group>"; };
		5284C52424E671FF0032FFB4 /* SceneStore.swift */ = {isa = PBXFileReference; lastKnownFileType = sourcecode.swift; path = SceneStore.swift; sourceTree = "<group>"; };
		5284C52624E673CE0032FFB4 /* SceneState.swift */ = {isa = PBXFileReference; lastKnownFileType = sourcecode.swift; path = SceneState.swift; sourceTree = "<group>"; };
		5284C52824E678610032FFB4 /* SceneReducer.swift */ = {isa = PBXFileReference; lastKnownFileType = sourcecode.swift; path = SceneReducer.swift; sourceTree = "<group>"; };
		5284C52C24E67DA80032FFB4 /* ViewControllerCoordinatable.swift */ = {isa = PBXFileReference; lastKnownFileType = sourcecode.swift; path = ViewControllerCoordinatable.swift; sourceTree = "<group>"; };
		5284C52E24E67E790032FFB4 /* SceneAction.swift */ = {isa = PBXFileReference; lastKnownFileType = sourcecode.swift; path = SceneAction.swift; sourceTree = "<group>"; };
		52985B8624EC3BE100F9F27C /* CalendarIncrementAction.swift */ = {isa = PBXFileReference; lastKnownFileType = sourcecode.swift; path = CalendarIncrementAction.swift; sourceTree = "<group>"; };
		52985B8824EC3C0000F9F27C /* CalendarDecrementAction.swift */ = {isa = PBXFileReference; lastKnownFileType = sourcecode.swift; path = CalendarDecrementAction.swift; sourceTree = "<group>"; };
		52985B8A24EC415600F9F27C /* Optional.swift */ = {isa = PBXFileReference; lastKnownFileType = sourcecode.swift; path = Optional.swift; sourceTree = "<group>"; };
		52985B8C24EC41D500F9F27C /* EventRepository.swift */ = {isa = PBXFileReference; lastKnownFileType = sourcecode.swift; path = EventRepository.swift; sourceTree = "<group>"; };
		52985B8F24EC94D100F9F27C /* EventsViewController.swift */ = {isa = PBXFileReference; lastKnownFileType = sourcecode.swift; path = EventsViewController.swift; sourceTree = "<group>"; };
		52985B9124EC94DB00F9F27C /* EventsViewController.storyboard */ = {isa = PBXFileReference; lastKnownFileType = file.storyboard; path = EventsViewController.storyboard; sourceTree = "<group>"; };
		52985B9324EC94EB00F9F27C /* EventsCoordinator.swift */ = {isa = PBXFileReference; lastKnownFileType = sourcecode.swift; path = EventsCoordinator.swift; sourceTree = "<group>"; };
		52985B9524EC94F700F9F27C /* EventsState.swift */ = {isa = PBXFileReference; lastKnownFileType = sourcecode.swift; path = EventsState.swift; sourceTree = "<group>"; };
		52985B9724EC950200F9F27C /* EventsReducer.swift */ = {isa = PBXFileReference; lastKnownFileType = sourcecode.swift; path = EventsReducer.swift; sourceTree = "<group>"; };
		52985B9924EC950F00F9F27C /* EventsRefreshViewAction.swift */ = {isa = PBXFileReference; lastKnownFileType = sourcecode.swift; path = EventsRefreshViewAction.swift; sourceTree = "<group>"; };
		52985B9B24EC962600F9F27C /* EventsStore.swift */ = {isa = PBXFileReference; lastKnownFileType = sourcecode.swift; path = EventsStore.swift; sourceTree = "<group>"; };
		52985B9D24EC9D6200F9F27C /* TableViewDataSource.swift */ = {isa = PBXFileReference; lastKnownFileType = sourcecode.swift; path = TableViewDataSource.swift; sourceTree = "<group>"; };
		52A2FB5F24E927F8000ECBFF /* Color.swift */ = {isa = PBXFileReference; lastKnownFileType = sourcecode.swift; path = Color.swift; sourceTree = "<group>"; };
		52A2FB6124E92A52000ECBFF /* UIColor.swift */ = {isa = PBXFileReference; lastKnownFileType = sourcecode.swift; path = UIColor.swift; sourceTree = "<group>"; };
		52A2FB6524E92E7E000ECBFF /* NavigationController.swift */ = {isa = PBXFileReference; lastKnownFileType = sourcecode.swift; path = NavigationController.swift; sourceTree = "<group>"; };
		52A8290A24F2AA3200A81D4B /* RegistrationFlowStore.swift */ = {isa = PBXFileReference; lastKnownFileType = sourcecode.swift; path = RegistrationFlowStore.swift; sourceTree = "<group>"; };
		52A8290C24F2AA3D00A81D4B /* RegistrationFlowRoute.swift */ = {isa = PBXFileReference; lastKnownFileType = sourcecode.swift; path = RegistrationFlowRoute.swift; sourceTree = "<group>"; };
		52A8290E24F2AA5000A81D4B /* RegistrationFlowState.swift */ = {isa = PBXFileReference; lastKnownFileType = sourcecode.swift; path = RegistrationFlowState.swift; sourceTree = "<group>"; };
		52A8291024F2AA5B00A81D4B /* RegistrationFlowAction.swift */ = {isa = PBXFileReference; lastKnownFileType = sourcecode.swift; path = RegistrationFlowAction.swift; sourceTree = "<group>"; };
		52A8291224F2AA6800A81D4B /* RegistrationFlowCoordinator.swift */ = {isa = PBXFileReference; lastKnownFileType = sourcecode.swift; path = RegistrationFlowCoordinator.swift; sourceTree = "<group>"; };
		52A8291424F2AAEF00A81D4B /* RegistrationFlowReducer.swift */ = {isa = PBXFileReference; lastKnownFileType = sourcecode.swift; path = RegistrationFlowReducer.swift; sourceTree = "<group>"; };
		52A8291724F2BB8200A81D4B /* CalendarFlowStore.swift */ = {isa = PBXFileReference; lastKnownFileType = sourcecode.swift; path = CalendarFlowStore.swift; sourceTree = "<group>"; };
		52A8291924F2BB9000A81D4B /* CalendarFlowRoute.swift */ = {isa = PBXFileReference; lastKnownFileType = sourcecode.swift; path = CalendarFlowRoute.swift; sourceTree = "<group>"; };
		52A8291B24F2BBA200A81D4B /* CalendarFlowState.swift */ = {isa = PBXFileReference; lastKnownFileType = sourcecode.swift; path = CalendarFlowState.swift; sourceTree = "<group>"; };
		52A8291D24F2BBB400A81D4B /* CalendarFlowAction.swift */ = {isa = PBXFileReference; lastKnownFileType = sourcecode.swift; path = CalendarFlowAction.swift; sourceTree = "<group>"; };
		52A8291F24F2BD5E00A81D4B /* CalendarFlowCoordinator.swift */ = {isa = PBXFileReference; lastKnownFileType = sourcecode.swift; path = CalendarFlowCoordinator.swift; sourceTree = "<group>"; };
		52A8292124F2BD6500A81D4B /* CalendarFlowReducer.swift */ = {isa = PBXFileReference; lastKnownFileType = sourcecode.swift; path = CalendarFlowReducer.swift; sourceTree = "<group>"; };
		52ACACC724E7905700147137 /* SceneWindow.swift */ = {isa = PBXFileReference; lastKnownFileType = sourcecode.swift; path = SceneWindow.swift; sourceTree = "<group>"; };
		52B9F76524EC01F000AA1DC0 /* CalendarCoordinator.swift */ = {isa = PBXFileReference; lastKnownFileType = sourcecode.swift; path = CalendarCoordinator.swift; sourceTree = "<group>"; };
		52B9F76724EC024900AA1DC0 /* CalendarState.swift */ = {isa = PBXFileReference; lastKnownFileType = sourcecode.swift; path = CalendarState.swift; sourceTree = "<group>"; };
		52B9F76924EC025B00AA1DC0 /* CalendarRefreshAction.swift */ = {isa = PBXFileReference; lastKnownFileType = sourcecode.swift; path = CalendarRefreshAction.swift; sourceTree = "<group>"; };
		52B9F76B24EC029300AA1DC0 /* CalendarViewState.swift */ = {isa = PBXFileReference; lastKnownFileType = sourcecode.swift; path = CalendarViewState.swift; sourceTree = "<group>"; };
		52B9F76D24EC02A300AA1DC0 /* CalendarViewController.storyboard */ = {isa = PBXFileReference; lastKnownFileType = file.storyboard; path = CalendarViewController.storyboard; sourceTree = "<group>"; };
		52B9F76F24EC036B00AA1DC0 /* CalendarStore.swift */ = {isa = PBXFileReference; lastKnownFileType = sourcecode.swift; path = CalendarStore.swift; sourceTree = "<group>"; };
		52B9F77124EC046000AA1DC0 /* CalendarReducer.swift */ = {isa = PBXFileReference; lastKnownFileType = sourcecode.swift; path = CalendarReducer.swift; sourceTree = "<group>"; };
		52B9F77324EC081B00AA1DC0 /* CalendarLogoutAction.swift */ = {isa = PBXFileReference; lastKnownFileType = sourcecode.swift; path = CalendarLogoutAction.swift; sourceTree = "<group>"; };
		52B9F77524EC082A00AA1DC0 /* CalendarSelectAction.swift */ = {isa = PBXFileReference; lastKnownFileType = sourcecode.swift; path = CalendarSelectAction.swift; sourceTree = "<group>"; };
		52BB97F824F2CA520039955A /* CalendarCollectionViewCell.swift */ = {isa = PBXFileReference; fileEncoding = 4; lastKnownFileType = sourcecode.swift; path = CalendarCollectionViewCell.swift; sourceTree = "<group>"; };
		52BB97F924F2CA520039955A /* CalendarCollectionViewCell.xib */ = {isa = PBXFileReference; fileEncoding = 4; lastKnownFileType = file.xib; path = CalendarCollectionViewCell.xib; sourceTree = "<group>"; };
		52BD22B124ECC9320058BFC5 /* User+CoreDataClass.swift */ = {isa = PBXFileReference; lastKnownFileType = sourcecode.swift; path = "User+CoreDataClass.swift"; sourceTree = "<group>"; };
		52BD22B224ECC9320058BFC5 /* User+CoreDataProperties.swift */ = {isa = PBXFileReference; lastKnownFileType = sourcecode.swift; path = "User+CoreDataProperties.swift"; sourceTree = "<group>"; };
		52C435E324F191F1009B9DB1 /* EventsTableViewCell.swift */ = {isa = PBXFileReference; lastKnownFileType = sourcecode.swift; path = EventsTableViewCell.swift; sourceTree = "<group>"; };
		52C435E524F192CD009B9DB1 /* EventsTableViewCell.xib */ = {isa = PBXFileReference; lastKnownFileType = file.xib; path = EventsTableViewCell.xib; sourceTree = "<group>"; };
		52C435E924F1F523009B9DB1 /* UIViewController.swift */ = {isa = PBXFileReference; lastKnownFileType = sourcecode.swift; path = UIViewController.swift; sourceTree = "<group>"; };
		52C7640A24E8D89C00E02E2D /* Storyboardable.swift */ = {isa = PBXFileReference; lastKnownFileType = sourcecode.swift; path = Storyboardable.swift; sourceTree = "<group>"; };
		52C7640C24E8E8A900E02E2D /* Store.swift */ = {isa = PBXFileReference; lastKnownFileType = sourcecode.swift; path = Store.swift; sourceTree = "<group>"; };
		52CE302A24F2A780000C2603 /* LoginFlowAction.swift */ = {isa = PBXFileReference; lastKnownFileType = sourcecode.swift; path = LoginFlowAction.swift; sourceTree = "<group>"; };
		52E84FB624E916BC007C2D21 /* Colors.xcassets */ = {isa = PBXFileReference; lastKnownFileType = folder.assetcatalog; path = Colors.xcassets; sourceTree = "<group>"; };
		52EF201024EB6DB6001B20F0 /* Event+CoreDataClass.swift */ = {isa = PBXFileReference; lastKnownFileType = sourcecode.swift; path = "Event+CoreDataClass.swift"; sourceTree = "<group>"; };
		52EF201124EB6DB6001B20F0 /* Event+CoreDataProperties.swift */ = {isa = PBXFileReference; lastKnownFileType = sourcecode.swift; path = "Event+CoreDataProperties.swift"; sourceTree = "<group>"; };
		52EF201824EB6F01001B20F0 /* Session+CoreDataClass.swift */ = {isa = PBXFileReference; lastKnownFileType = sourcecode.swift; name = "Session+CoreDataClass.swift"; path = "Scheduler/Persistence/Models/Session/Session+CoreDataClass.swift"; sourceTree = SOURCE_ROOT; };
		52EF201924EB6F01001B20F0 /* Session+CoreDataProperties.swift */ = {isa = PBXFileReference; lastKnownFileType = sourcecode.swift; name = "Session+CoreDataProperties.swift"; path = "Scheduler/Persistence/Models/Session/Session+CoreDataProperties.swift"; sourceTree = SOURCE_ROOT; };
		52EF201F24EB73C6001B20F0 /* LoginReducer+Middleware.swift */ = {isa = PBXFileReference; lastKnownFileType = sourcecode.swift; path = "LoginReducer+Middleware.swift"; sourceTree = "<group>"; };
		52EF202124EB73D6001B20F0 /* LoginReducer+Utilities.swift */ = {isa = PBXFileReference; lastKnownFileType = sourcecode.swift; path = "LoginReducer+Utilities.swift"; sourceTree = "<group>"; };
		52EF202524EB7B7F001B20F0 /* RegistrationReducer+Middleware.swift */ = {isa = PBXFileReference; lastKnownFileType = sourcecode.swift; path = "RegistrationReducer+Middleware.swift"; sourceTree = "<group>"; };
		52EF202724EB7B8A001B20F0 /* RegistrationReducer+Utilities.swift */ = {isa = PBXFileReference; lastKnownFileType = sourcecode.swift; path = "RegistrationReducer+Utilities.swift"; sourceTree = "<group>"; };
		52EF202924EB7CC7001B20F0 /* UserRepository.swift */ = {isa = PBXFileReference; lastKnownFileType = sourcecode.swift; path = UserRepository.swift; sourceTree = "<group>"; };
		52EF202B24EB8024001B20F0 /* Persistence.swift */ = {isa = PBXFileReference; lastKnownFileType = sourcecode.swift; path = Persistence.swift; sourceTree = "<group>"; };
		52F2183F24F172FF00757B6E /* UIView.swift */ = {isa = PBXFileReference; lastKnownFileType = sourcecode.swift; path = UIView.swift; sourceTree = "<group>"; };
		52F5BFB324E8A2D400EB8CDD /* LoginStore.swift */ = {isa = PBXFileReference; lastKnownFileType = sourcecode.swift; path = LoginStore.swift; sourceTree = "<group>"; };
		52F7FBB524E7BC09008F7FDB /* SceneResponder.swift */ = {isa = PBXFileReference; lastKnownFileType = sourcecode.swift; path = SceneResponder.swift; sourceTree = "<group>"; };
		52FCA62124EA462E0091235F /* KeyboardObservableViewCoordinator.swift */ = {isa = PBXFileReference; lastKnownFileType = sourcecode.swift; path = KeyboardObservableViewCoordinator.swift; sourceTree = "<group>"; };
		6EE5C9A298FFDF2AA059A61C /* Pods-Scheduler.debug.xcconfig */ = {isa = PBXFileReference; includeInIndex = 1; lastKnownFileType = text.xcconfig; name = "Pods-Scheduler.debug.xcconfig"; path = "Target Support Files/Pods-Scheduler/Pods-Scheduler.debug.xcconfig"; sourceTree = "<group>"; };
		70526C0E2D27263308DCBFF2 /* Pods_Scheduler.framework */ = {isa = PBXFileReference; explicitFileType = wrapper.framework; includeInIndex = 0; path = Pods_Scheduler.framework; sourceTree = BUILT_PRODUCTS_DIR; };
		89613AE0124B96B465532C28 /* Pods-Scheduler.release.xcconfig */ = {isa = PBXFileReference; includeInIndex = 1; lastKnownFileType = text.xcconfig; name = "Pods-Scheduler.release.xcconfig"; path = "Target Support Files/Pods-Scheduler/Pods-Scheduler.release.xcconfig"; sourceTree = "<group>"; };
		EE08440224ECDB5E00CEA705 /* CollectionViewColumnFlowLayout.swift */ = {isa = PBXFileReference; lastKnownFileType = sourcecode.swift; path = CollectionViewColumnFlowLayout.swift; sourceTree = "<group>"; };
/* End PBXFileReference section */

/* Begin PBXFrameworksBuildPhase section */
		525C4AA124E4BC4500659EC6 /* Frameworks */ = {
			isa = PBXFrameworksBuildPhase;
			buildActionMask = 2147483647;
			files = (
				A20DE51C7A32A74815A780DB /* Pods_Scheduler.framework in Frameworks */,
			);
			runOnlyForDeploymentPostprocessing = 0;
		};
/* End PBXFrameworksBuildPhase section */

/* Begin PBXGroup section */
		3B98DBFB7644D605C5EE8AFD /* Frameworks */ = {
			isa = PBXGroup;
			children = (
				70526C0E2D27263308DCBFF2 /* Pods_Scheduler.framework */,
			);
			name = Frameworks;
			sourceTree = "<group>";
		};
		5204848F24F7338A003B915A /* KeyboardToolbar */ = {
			isa = PBXGroup;
			children = (
				5204849024F733B3003B915A /* KeyboardToolbar.swift */,
				5204849224F734B5003B915A /* KeyboardToolbar.xib */,
			);
			path = KeyboardToolbar;
			sourceTree = "<group>";
		};
		5204F97F24F25CE800653B58 /* LoginFlow */ = {
			isa = PBXGroup;
			children = (
				5259D21824F25DBE00146156 /* LoginFlowStore.swift */,
				5259D21C24F26ED200146156 /* LoginFlowRoute.swift */,
				5259D21A24F25DE500146156 /* LoginFlowState.swift */,
				52CE302A24F2A780000C2603 /* LoginFlowAction.swift */,
				5204F97824F25C8D00653B58 /* LoginFlowCoordinator.swift */,
				5259D21E24F2726D00146156 /* LoginFlowReducer.swift */,
				525C4AC224E573E500659EC6 /* Login */,
			);
			path = LoginFlow;
			sourceTree = "<group>";
		};
		5213424A24ECA2AB00C10AC2 /* Components */ = {
			isa = PBXGroup;
			children = (
				52C435E724F193F4009B9DB1 /* EventsTableViewCell */,
			);
			path = Components;
			sourceTree = "<group>";
		};
		5213424B24ECA2B500C10AC2 /* Controller */ = {
			isa = PBXGroup;
			children = (
				52985B8F24EC94D100F9F27C /* EventsViewController.swift */,
				52985B9124EC94DB00F9F27C /* EventsViewController.storyboard */,
			);
			path = Controller;
			sourceTree = "<group>";
		};
		5213424E24ECA2E800C10AC2 /* State */ = {
			isa = PBXGroup;
			children = (
				52985B9524EC94F700F9F27C /* EventsState.swift */,
				5213424C24ECA2DD00C10AC2 /* EventsViewState.swift */,
			);
			path = State;
			sourceTree = "<group>";
		};
		5213425324ECA3A300C10AC2 /* Action */ = {
			isa = PBXGroup;
			children = (
				52985B9924EC950F00F9F27C /* EventsRefreshViewAction.swift */,
				5213424F24ECA35900C10AC2 /* EventsShowAddAction.swift */,
				5213425124ECA36300C10AC2 /* EventsShowEditAction.swift */,
				5204F97024F20E3F00653B58 /* EventsPerformAddAction.swift */,
				5204F97224F20E4800653B58 /* EventsPerformEditAction.swift */,
				5204F97424F20E5100653B58 /* EventsPerformDeleteAction.swift */,
			);
			path = Action;
			sourceTree = "<group>";
		};
		522B08FB24EA33CD00BD9719 /* Base */ = {
			isa = PBXGroup;
			children = (
				525C4AA724E4BC4500659EC6 /* AppDelegate.swift */,
				525C4AA924E4BC4500659EC6 /* SceneDelegate.swift */,
				52ACACC624E78E3E00147137 /* Core */,
			);
			path = Base;
			sourceTree = "<group>";
		};
		522CF5C224EB68F0004B3B01 /* Persistence */ = {
			isa = PBXGroup;
			children = (
				52EF202B24EB8024001B20F0 /* Persistence.swift */,
				522CF5CB24EB6981004B3B01 /* Models */,
				52929FC924EBFC8B007F7E8F /* Repositories */,
			);
			path = Persistence;
			sourceTree = "<group>";
		};
		522CF5CB24EB6981004B3B01 /* Models */ = {
			isa = PBXGroup;
			children = (
				52EF201C24EB6F1F001B20F0 /* Session */,
				52EF201D24EB6F2D001B20F0 /* Event */,
				52EF201E24EB6F35001B20F0 /* User */,
			);
			path = Models;
			sourceTree = "<group>";
		};
		5233DDA224EB893F00FDBCB2 /* RegistrationSuccess */ = {
			isa = PBXGroup;
			children = (
				5233DDAB24EB8E0100FDBCB2 /* RegistrationSuccessStore.swift */,
				5233DDB324EB957F00FDBCB2 /* RegistrationSuccessReturnAction.swift */,
				5233DDA724EB8DE800FDBCB2 /* RegistrationSuccessCoordinator.swift */,
				5233DDAD24EB8E1500FDBCB2 /* RegistrationSuccessReducer.swift */,
				5233DDB124EB93FE00FDBCB2 /* State */,
				5233DDB224EB940500FDBCB2 /* Controller */,
			);
			path = RegistrationSuccess;
			sourceTree = "<group>";
		};
		5233DDB124EB93FE00FDBCB2 /* State */ = {
			isa = PBXGroup;
			children = (
				5233DDA924EB8DF200FDBCB2 /* RegistrationSuccessState.swift */,
				5233DDAF24EB8F8F00FDBCB2 /* RegistrationSuccessViewState.swift */,
			);
			path = State;
			sourceTree = "<group>";
		};
		5233DDB224EB940500FDBCB2 /* Controller */ = {
			isa = PBXGroup;
			children = (
				5233DDA324EB898F00FDBCB2 /* RegistrationSuccessViewController.swift */,
				5233DDA524EB899900FDBCB2 /* RegistrationSuccessViewController.storyboard */,
			);
			path = Controller;
			sourceTree = "<group>";
		};
		524E5D1624E819EB001FC71B /* Common */ = {
			isa = PBXGroup;
			children = (
				526302D924E9465A00CDCD1D /* Font.swift */,
				52A2FB5F24E927F8000ECBFF /* Color.swift */,
				524E5D1924E826E2001FC71B /* ActionReducer.swift */,
				52F2184124F17BB300757B6E /* Keyboard */,
			);
			path = Common;
			sourceTree = "<group>";
		};
		525A54AC24EA994B00CA0274 /* Actions */ = {
			isa = PBXGroup;
			children = (
				5284C51E24E666C00032FFB4 /* LoginAction.swift */,
				525A54A624EA845A00CA0274 /* LoginProcessAction.swift */,
				525A54A424EA73B600CA0274 /* LoginRegisterAction.swift */,
			);
			path = Actions;
			sourceTree = "<group>";
		};
		525A54AD24EA995F00CA0274 /* Controller */ = {
			isa = PBXGroup;
			children = (
				525C4AAB24E4BC4500659EC6 /* LoginViewController.swift */,
				525C4AAD24E4BC4500659EC6 /* LoginViewController.storyboard */,
			);
			path = Controller;
			sourceTree = "<group>";
		};
		525A54AE24EA998500CA0274 /* States */ = {
			isa = PBXGroup;
			children = (
				5284C52224E667580032FFB4 /* LoginState.swift */,
				525A54AA24EA881600CA0274 /* LoginViewState.swift */,
			);
			path = States;
			sourceTree = "<group>";
		};
		525C4A9B24E4BC4500659EC6 = {
			isa = PBXGroup;
			children = (
				525C4AA624E4BC4500659EC6 /* Scheduler */,
				525C4AA524E4BC4500659EC6 /* Products */,
				AA8D1B426BF1F13E467D8C66 /* Pods */,
				3B98DBFB7644D605C5EE8AFD /* Frameworks */,
			);
			sourceTree = "<group>";
		};
		525C4AA524E4BC4500659EC6 /* Products */ = {
			isa = PBXGroup;
			children = (
				525C4AA424E4BC4500659EC6 /* Scheduler.app */,
			);
			name = Products;
			sourceTree = "<group>";
		};
		525C4AA624E4BC4500659EC6 /* Scheduler */ = {
			isa = PBXGroup;
			children = (
				522B08FB24EA33CD00BD9719 /* Base */,
				5284C52B24E67C4C0032FFB4 /* Scene */,
				525C4AC124E4EEF700659EC6 /* Flow */,
				52A2FB6424E92E16000ECBFF /* ViewComponents */,
				522CF5C224EB68F0004B3B01 /* Persistence */,
				525C4AC324E5778500659EC6 /* Resources */,
			);
			path = Scheduler;
			sourceTree = "<group>";
		};
		525C4AC024E4EEEB00659EC6 /* Registration */ = {
			isa = PBXGroup;
			children = (
				526C3A3C24EAB5CB002A3D9F /* RegistrationStore.swift */,
				526C3A3A24EAB532002A3D9F /* RegistrationCoordinator.swift */,
				52EF202424EB7B60001B20F0 /* Reducer */,
				526C3A4224EAE186002A3D9F /* States */,
				526C3A4424EAE2A0002A3D9F /* Actions */,
				526C3A4324EAE267002A3D9F /* Controller */,
			);
			path = Registration;
			sourceTree = "<group>";
		};
		525C4AC124E4EEF700659EC6 /* Flow */ = {
			isa = PBXGroup;
			children = (
				5204F97F24F25CE800653B58 /* LoginFlow */,
				52CE302C24F2A9A9000C2603 /* RegistrationFlow */,
				52A8291624F2B84C00A81D4B /* CalendarFlow */,
			);
			path = Flow;
			sourceTree = "<group>";
		};
		525C4AC224E573E500659EC6 /* Login */ = {
			isa = PBXGroup;
			children = (
				52F5BFB324E8A2D400EB8CDD /* LoginStore.swift */,
				525C4AC624E633F800659EC6 /* LoginCoordinator.swift */,
				52EF202324EB73DF001B20F0 /* Reducer */,
				525A54AE24EA998500CA0274 /* States */,
				525A54AC24EA994B00CA0274 /* Actions */,
				525A54AD24EA995F00CA0274 /* Controller */,
			);
			path = Login;
			sourceTree = "<group>";
		};
		525C4AC324E5778500659EC6 /* Resources */ = {
			isa = PBXGroup;
			children = (
				525C4AB824E4BC4800659EC6 /* Info.plist */,
				525C4AB324E4BC4800659EC6 /* Assets.xcassets */,
				52E84FB624E916BC007C2D21 /* Colors.xcassets */,
				525C4AB024E4BC4500659EC6 /* Scheduler.xcdatamodeld */,
				525C4AB524E4BC4800659EC6 /* LaunchScreen.storyboard */,
			);
			path = Resources;
			sourceTree = "<group>";
		};
		526302D524E9446E00CDCD1D /* Label */ = {
			isa = PBXGroup;
			children = (
				526302C924E9440400CDCD1D /* PrimaryLabel.swift */,
				526302CB24E9441200CDCD1D /* SecondaryLabel.swift */,
				526302CD24E9441E00CDCD1D /* ErrorLabel.swift */,
			);
			path = Label;
			sourceTree = "<group>";
		};
		526302D624E9447900CDCD1D /* View */ = {
			isa = PBXGroup;
			children = (
				520B55A224E93335007621DE /* View.swift */,
			);
			path = View;
			sourceTree = "<group>";
		};
		526302D724E9447F00CDCD1D /* Button */ = {
			isa = PBXGroup;
			children = (
				526302D124E9443300CDCD1D /* PrimaryButton.swift */,
				526302D324E9445900CDCD1D /* SecondaryButton.swift */,
			);
			path = Button;
			sourceTree = "<group>";
		};
		526302D824E944BF00CDCD1D /* Field */ = {
			isa = PBXGroup;
			children = (
				526302CF24E9442A00CDCD1D /* TextField.swift */,
			);
			path = Field;
			sourceTree = "<group>";
		};
		526BB15F24EBD85100694BD3 /* Reducer */ = {
			isa = PBXGroup;
			children = (
				5284C52824E678610032FFB4 /* SceneReducer.swift */,
				526BB15B24EBD39B00694BD3 /* SceneReducer+Middleware.swift */,
				526BB16024EBDEA500694BD3 /* SceneReducer+Utilities.swift */,
			);
			path = Reducer;
			sourceTree = "<group>";
		};
		526C3A4224EAE186002A3D9F /* States */ = {
			isa = PBXGroup;
			children = (
				524E5D1424E818C7001FC71B /* RegistrationState.swift */,
				526C3A4024EAE172002A3D9F /* RegistrationViewState.swift */,
				522CF5BE24EAEAD5004B3B01 /* RegistrationErrorState.swift */,
			);
			path = States;
			sourceTree = "<group>";
		};
		526C3A4324EAE267002A3D9F /* Controller */ = {
			isa = PBXGroup;
			children = (
				526C3A3624EAB28E002A3D9F /* RegistrationViewController.swift */,
				526C3A3824EAB2A1002A3D9F /* RegistrationViewController.storyboard */,
			);
			path = Controller;
			sourceTree = "<group>";
		};
		526C3A4424EAE2A0002A3D9F /* Actions */ = {
			isa = PBXGroup;
			children = (
				525A54A824EA84FE00CA0274 /* RegistrationAction.swift */,
				522CF5C024EAF64E004B3B01 /* RegistrationProcessAction.swift */,
			);
			path = Actions;
			sourceTree = "<group>";
		};
		5284C52A24E67B860032FFB4 /* Coordinator */ = {
			isa = PBXGroup;
			children = (
				524E5D1724E821DB001FC71B /* Coordinator.swift */,
				5284C51C24E663160032FFB4 /* ViewCoordinator.swift */,
				5204F97624F219A000653B58 /* FlowCoordinator.swift */,
				5284C52C24E67DA80032FFB4 /* ViewControllerCoordinatable.swift */,
				52FCA62124EA462E0091235F /* KeyboardObservableViewCoordinator.swift */,
			);
			path = Coordinator;
			sourceTree = "<group>";
		};
		5284C52B24E67C4C0032FFB4 /* Scene */ = {
			isa = PBXGroup;
			children = (
				5284C52424E671FF0032FFB4 /* SceneStore.swift */,
				525C4AC424E632C600659EC6 /* SceneRoute.swift */,
				5284C52E24E67E790032FFB4 /* SceneAction.swift */,
				5284C52624E673CE0032FFB4 /* SceneState.swift */,
				525C4ABE24E4EEA600659EC6 /* SceneCoordinator.swift */,
				52ACACC724E7905700147137 /* SceneWindow.swift */,
				52F7FBB524E7BC09008F7FDB /* SceneResponder.swift */,
				526BB15F24EBD85100694BD3 /* Reducer */,
			);
			path = Scene;
			sourceTree = "<group>";
		};
		52929FC924EBFC8B007F7E8F /* Repositories */ = {
			isa = PBXGroup;
			children = (
				52EF202924EB7CC7001B20F0 /* UserRepository.swift */,
				526BB15D24EBD81300694BD3 /* SessionRepository.swift */,
				52985B8C24EC41D500F9F27C /* EventRepository.swift */,
			);
			path = Repositories;
			sourceTree = "<group>";
		};
		52985B8224EC3AFF00F9F27C /* Actions */ = {
			isa = PBXGroup;
			children = (
				52B9F76924EC025B00AA1DC0 /* CalendarRefreshAction.swift */,
				52B9F77524EC082A00AA1DC0 /* CalendarSelectAction.swift */,
				52B9F77324EC081B00AA1DC0 /* CalendarLogoutAction.swift */,
				52985B8624EC3BE100F9F27C /* CalendarIncrementAction.swift */,
				52985B8824EC3C0000F9F27C /* CalendarDecrementAction.swift */,
			);
			path = Actions;
			sourceTree = "<group>";
		};
		52985B8324EC3B0800F9F27C /* State */ = {
			isa = PBXGroup;
			children = (
				52B9F76724EC024900AA1DC0 /* CalendarState.swift */,
				52B9F76B24EC029300AA1DC0 /* CalendarViewState.swift */,
			);
			path = State;
			sourceTree = "<group>";
		};
		52985B8424EC3B1800F9F27C /* Controller */ = {
			isa = PBXGroup;
			children = (
				526BB16224EBDF1A00694BD3 /* CalendarViewController.swift */,
				52B9F76D24EC02A300AA1DC0 /* CalendarViewController.storyboard */,
			);
			path = Controller;
			sourceTree = "<group>";
		};
		52985B8524EC3B4000F9F27C /* Components */ = {
			isa = PBXGroup;
			children = (
				52BB97F724F2CA520039955A /* CalendarCollectionViewCell */,
			);
			path = Components;
			sourceTree = "<group>";
		};
		52985B8E24EC94B500F9F27C /* Events */ = {
			isa = PBXGroup;
			children = (
				52985B9B24EC962600F9F27C /* EventsStore.swift */,
				52985B9724EC950200F9F27C /* EventsReducer.swift */,
				52985B9324EC94EB00F9F27C /* EventsCoordinator.swift */,
				5213425324ECA3A300C10AC2 /* Action */,
				5213424E24ECA2E800C10AC2 /* State */,
				5213424B24ECA2B500C10AC2 /* Controller */,
				5213424A24ECA2AB00C10AC2 /* Components */,
			);
			path = Events;
			sourceTree = "<group>";
		};
		52A2FB6324E92C57000ECBFF /* Controller */ = {
			isa = PBXGroup;
			children = (
				52C7640A24E8D89C00E02E2D /* Storyboardable.swift */,
				522CE73E24E93EF200F5EF78 /* ViewController.swift */,
				52A2FB6524E92E7E000ECBFF /* NavigationController.swift */,
				52630EB824E98A4E0018AECE /* KeyboardObservableViewController.swift */,
			);
			path = Controller;
			sourceTree = "<group>";
		};
		52A2FB6424E92E16000ECBFF /* ViewComponents */ = {
			isa = PBXGroup;
			children = (
				526302D624E9447900CDCD1D /* View */,
				526302D724E9447F00CDCD1D /* Button */,
				526302D524E9446E00CDCD1D /* Label */,
				526302D824E944BF00CDCD1D /* Field */,
			);
			path = ViewComponents;
			sourceTree = "<group>";
		};
		52A8291624F2B84C00A81D4B /* CalendarFlow */ = {
			isa = PBXGroup;
			children = (
				52A8291724F2BB8200A81D4B /* CalendarFlowStore.swift */,
				52A8291924F2BB9000A81D4B /* CalendarFlowRoute.swift */,
				52A8291B24F2BBA200A81D4B /* CalendarFlowState.swift */,
				52A8291D24F2BBB400A81D4B /* CalendarFlowAction.swift */,
				52A8291F24F2BD5E00A81D4B /* CalendarFlowCoordinator.swift */,
				52A8292124F2BD6500A81D4B /* CalendarFlowReducer.swift */,
				52E84FB524E91695007C2D21 /* Calendar */,
				52985B8E24EC94B500F9F27C /* Events */,
			);
			path = CalendarFlow;
			sourceTree = "<group>";
		};
		52ACACC624E78E3E00147137 /* Core */ = {
			isa = PBXGroup;
			children = (
				52F2184224F17BF400757B6E /* Views */,
				5284C52A24E67B860032FFB4 /* Coordinator */,
				52A2FB6324E92C57000ECBFF /* Controller */,
				524E5D1624E819EB001FC71B /* Common */,
				52C7640E24E8F38100E02E2D /* Extension */,
			);
			path = Core;
			sourceTree = "<group>";
		};
		52BB97F724F2CA520039955A /* CalendarCollectionViewCell */ = {
			isa = PBXGroup;
			children = (
				52BB97F824F2CA520039955A /* CalendarCollectionViewCell.swift */,
				52BB97F924F2CA520039955A /* CalendarCollectionViewCell.xib */,
			);
			name = CalendarCollectionViewCell;
			path = "../../../../../../../../../../Macintosh HD/Users/elbertjohn.orozco/Repositories/Scheduler/Scheduler/Flow/CalendarFlow/Calendar/Components/CalendarCollectionViewCell";
			sourceTree = "<group>";
		};
		52C435E724F193F4009B9DB1 /* EventsTableViewCell */ = {
			isa = PBXGroup;
			children = (
				52C435E324F191F1009B9DB1 /* EventsTableViewCell.swift */,
				52C435E524F192CD009B9DB1 /* EventsTableViewCell.xib */,
			);
			path = EventsTableViewCell;
			sourceTree = "<group>";
		};
		52C7640E24E8F38100E02E2D /* Extension */ = {
			isa = PBXGroup;
			children = (
				52C7640C24E8E8A900E02E2D /* Store.swift */,
				52A2FB6124E92A52000ECBFF /* UIColor.swift */,
				52F2183F24F172FF00757B6E /* UIView.swift */,
				525A54A224EA5F5500CA0274 /* String.swift */,
				521E417624EC1BFB005F0318 /* Date.swift */,
				52985B8A24EC415600F9F27C /* Optional.swift */,
				52225FEB24F18FF900391FB0 /* UITableView.swift */,
				52225FED24F1901700391FB0 /* UICollectionView.swift */,
				52C435E924F1F523009B9DB1 /* UIViewController.swift */,
			);
			path = Extension;
			sourceTree = "<group>";
		};
		52CE302C24F2A9A9000C2603 /* RegistrationFlow */ = {
			isa = PBXGroup;
			children = (
				52A8290A24F2AA3200A81D4B /* RegistrationFlowStore.swift */,
				52A8290C24F2AA3D00A81D4B /* RegistrationFlowRoute.swift */,
				52A8290E24F2AA5000A81D4B /* RegistrationFlowState.swift */,
				52A8291024F2AA5B00A81D4B /* RegistrationFlowAction.swift */,
				52A8291224F2AA6800A81D4B /* RegistrationFlowCoordinator.swift */,
				52A8291424F2AAEF00A81D4B /* RegistrationFlowReducer.swift */,
				525C4AC024E4EEEB00659EC6 /* Registration */,
				5233DDA224EB893F00FDBCB2 /* RegistrationSuccess */,
			);
			path = RegistrationFlow;
			sourceTree = "<group>";
		};
		52E84FB524E91695007C2D21 /* Calendar */ = {
			isa = PBXGroup;
			children = (
				52B9F76F24EC036B00AA1DC0 /* CalendarStore.swift */,
				52B9F77124EC046000AA1DC0 /* CalendarReducer.swift */,
				52B9F76524EC01F000AA1DC0 /* CalendarCoordinator.swift */,
				52985B8224EC3AFF00F9F27C /* Actions */,
				52985B8324EC3B0800F9F27C /* State */,
				52985B8424EC3B1800F9F27C /* Controller */,
				52985B8524EC3B4000F9F27C /* Components */,
			);
			path = Calendar;
			sourceTree = "<group>";
		};
		52EF201C24EB6F1F001B20F0 /* Session */ = {
			isa = PBXGroup;
			children = (
				52EF201824EB6F01001B20F0 /* Session+CoreDataClass.swift */,
				52EF201924EB6F01001B20F0 /* Session+CoreDataProperties.swift */,
			);
			path = Session;
			sourceTree = "<group>";
		};
		52EF201D24EB6F2D001B20F0 /* Event */ = {
			isa = PBXGroup;
			children = (
				52EF201024EB6DB6001B20F0 /* Event+CoreDataClass.swift */,
				52EF201124EB6DB6001B20F0 /* Event+CoreDataProperties.swift */,
			);
			path = Event;
			sourceTree = "<group>";
		};
		52EF201E24EB6F35001B20F0 /* User */ = {
			isa = PBXGroup;
			children = (
				52BD22B124ECC9320058BFC5 /* User+CoreDataClass.swift */,
				52BD22B224ECC9320058BFC5 /* User+CoreDataProperties.swift */,
			);
			path = User;
			sourceTree = "<group>";
		};
		52EF202324EB73DF001B20F0 /* Reducer */ = {
			isa = PBXGroup;
			children = (
				5284C52024E666D20032FFB4 /* LoginReducer.swift */,
				52EF201F24EB73C6001B20F0 /* LoginReducer+Middleware.swift */,
				52EF202124EB73D6001B20F0 /* LoginReducer+Utilities.swift */,
			);
			path = Reducer;
			sourceTree = "<group>";
		};
		52EF202424EB7B60001B20F0 /* Reducer */ = {
			isa = PBXGroup;
			children = (
				526C3A3E24EAB6CC002A3D9F /* RegistrationReducer.swift */,
				52EF202524EB7B7F001B20F0 /* RegistrationReducer+Middleware.swift */,
				52EF202724EB7B8A001B20F0 /* RegistrationReducer+Utilities.swift */,
			);
			path = Reducer;
			sourceTree = "<group>";
		};
		52F2184124F17BB300757B6E /* Keyboard */ = {
			isa = PBXGroup;
			children = (
				52630EBA24E99D610018AECE /* KeyboardAction.swift */,
				52630EBC24E9A0540018AECE /* KeyboardSpec.swift */,
				520B179624E9FF800061C03C /* KeyboardObservableStateType.swift */,
				520B179824EA03510061C03C /* KeyboardObservableActionReducer.swift */,
			);
			path = Keyboard;
			sourceTree = "<group>";
		};
		52F2184224F17BF400757B6E /* Views */ = {
			isa = PBXGroup;
			children = (
				52985B9D24EC9D6200F9F27C /* TableViewDataSource.swift */,
				52F2184324F17C1F00757B6E /* CollectionView */,
				5204848F24F7338A003B915A /* KeyboardToolbar */,
			);
			path = Views;
			sourceTree = "<group>";
		};
		52F2184324F17C1F00757B6E /* CollectionView */ = {
			isa = PBXGroup;
			children = (
				521E417824EC2AD9005F0318 /* CollectionViewDataSource.swift */,
				EE08440224ECDB5E00CEA705 /* CollectionViewColumnFlowLayout.swift */,
			);
			path = CollectionView;
			sourceTree = "<group>";
		};
		AA8D1B426BF1F13E467D8C66 /* Pods */ = {
			isa = PBXGroup;
			children = (
				6EE5C9A298FFDF2AA059A61C /* Pods-Scheduler.debug.xcconfig */,
				89613AE0124B96B465532C28 /* Pods-Scheduler.release.xcconfig */,
			);
			path = Pods;
			sourceTree = "<group>";
		};
/* End PBXGroup section */

/* Begin PBXNativeTarget section */
		525C4AA324E4BC4500659EC6 /* Scheduler */ = {
			isa = PBXNativeTarget;
			buildConfigurationList = 525C4ABB24E4BC4800659EC6 /* Build configuration list for PBXNativeTarget "Scheduler" */;
			buildPhases = (
				DA708E3151027D6F48D13B3D /* [CP] Check Pods Manifest.lock */,
				525C4AA024E4BC4500659EC6 /* Sources */,
				525C4AA124E4BC4500659EC6 /* Frameworks */,
				525C4AA224E4BC4500659EC6 /* Resources */,
				F7F4211FDFBA81841F3622F3 /* [CP] Embed Pods Frameworks */,
			);
			buildRules = (
			);
			dependencies = (
			);
			name = Scheduler;
			productName = Scheduler;
			productReference = 525C4AA424E4BC4500659EC6 /* Scheduler.app */;
			productType = "com.apple.product-type.application";
		};
/* End PBXNativeTarget section */

/* Begin PBXProject section */
		525C4A9C24E4BC4500659EC6 /* Project object */ = {
			isa = PBXProject;
			attributes = {
				LastSwiftUpdateCheck = 1160;
				LastUpgradeCheck = 1160;
				ORGANIZATIONNAME = mynt;
				TargetAttributes = {
					525C4AA324E4BC4500659EC6 = {
						CreatedOnToolsVersion = 11.6;
					};
				};
			};
			buildConfigurationList = 525C4A9F24E4BC4500659EC6 /* Build configuration list for PBXProject "Scheduler" */;
			compatibilityVersion = "Xcode 9.3";
			developmentRegion = en;
			hasScannedForEncodings = 0;
			knownRegions = (
				en,
				Base,
			);
			mainGroup = 525C4A9B24E4BC4500659EC6;
			productRefGroup = 525C4AA524E4BC4500659EC6 /* Products */;
			projectDirPath = "";
			projectRoot = "";
			targets = (
				525C4AA324E4BC4500659EC6 /* Scheduler */,
			);
		};
/* End PBXProject section */

/* Begin PBXResourcesBuildPhase section */
		525C4AA224E4BC4500659EC6 /* Resources */ = {
			isa = PBXResourcesBuildPhase;
			buildActionMask = 2147483647;
			files = (
				52C435E624F192CD009B9DB1 /* EventsTableViewCell.xib in Resources */,
				525C4AB724E4BC4800659EC6 /* LaunchScreen.storyboard in Resources */,
				52BB97FB24F2CA520039955A /* CalendarCollectionViewCell.xib in Resources */,
				5204849324F734B5003B915A /* KeyboardToolbar.xib in Resources */,
				52E84FB724E916BC007C2D21 /* Colors.xcassets in Resources */,
				52985B9224EC94DB00F9F27C /* EventsViewController.storyboard in Resources */,
				5233DDA624EB899900FDBCB2 /* RegistrationSuccessViewController.storyboard in Resources */,
				525C4AB424E4BC4800659EC6 /* Assets.xcassets in Resources */,
				52B9F76E24EC02A300AA1DC0 /* CalendarViewController.storyboard in Resources */,
				525C4AAF24E4BC4500659EC6 /* LoginViewController.storyboard in Resources */,
				526C3A3924EAB2A1002A3D9F /* RegistrationViewController.storyboard in Resources */,
			);
			runOnlyForDeploymentPostprocessing = 0;
		};
/* End PBXResourcesBuildPhase section */

/* Begin PBXShellScriptBuildPhase section */
		DA708E3151027D6F48D13B3D /* [CP] Check Pods Manifest.lock */ = {
			isa = PBXShellScriptBuildPhase;
			buildActionMask = 2147483647;
			files = (
			);
			inputFileListPaths = (
			);
			inputPaths = (
				"${PODS_PODFILE_DIR_PATH}/Podfile.lock",
				"${PODS_ROOT}/Manifest.lock",
			);
			name = "[CP] Check Pods Manifest.lock";
			outputFileListPaths = (
			);
			outputPaths = (
				"$(DERIVED_FILE_DIR)/Pods-Scheduler-checkManifestLockResult.txt",
			);
			runOnlyForDeploymentPostprocessing = 0;
			shellPath = /bin/sh;
			shellScript = "diff \"${PODS_PODFILE_DIR_PATH}/Podfile.lock\" \"${PODS_ROOT}/Manifest.lock\" > /dev/null\nif [ $? != 0 ] ; then\n    # print error to STDERR\n    echo \"error: The sandbox is not in sync with the Podfile.lock. Run 'pod install' or update your CocoaPods installation.\" >&2\n    exit 1\nfi\n# This output is used by Xcode 'outputs' to avoid re-running this script phase.\necho \"SUCCESS\" > \"${SCRIPT_OUTPUT_FILE_0}\"\n";
			showEnvVarsInLog = 0;
		};
		F7F4211FDFBA81841F3622F3 /* [CP] Embed Pods Frameworks */ = {
			isa = PBXShellScriptBuildPhase;
			buildActionMask = 2147483647;
			files = (
			);
			inputFileListPaths = (
				"${PODS_ROOT}/Target Support Files/Pods-Scheduler/Pods-Scheduler-frameworks-${CONFIGURATION}-input-files.xcfilelist",
			);
			name = "[CP] Embed Pods Frameworks";
			outputFileListPaths = (
				"${PODS_ROOT}/Target Support Files/Pods-Scheduler/Pods-Scheduler-frameworks-${CONFIGURATION}-output-files.xcfilelist",
			);
			runOnlyForDeploymentPostprocessing = 0;
			shellPath = /bin/sh;
			shellScript = "\"${PODS_ROOT}/Target Support Files/Pods-Scheduler/Pods-Scheduler-frameworks.sh\"\n";
			showEnvVarsInLog = 0;
		};
/* End PBXShellScriptBuildPhase section */

/* Begin PBXSourcesBuildPhase section */
		525C4AA024E4BC4500659EC6 /* Sources */ = {
			isa = PBXSourcesBuildPhase;
			buildActionMask = 2147483647;
			files = (
				525C4AAC24E4BC4500659EC6 /* LoginViewController.swift in Sources */,
				52A8291524F2AAEF00A81D4B /* RegistrationFlowReducer.swift in Sources */,
				525C4AC524E632C600659EC6 /* SceneRoute.swift in Sources */,
				52A8291E24F2BBB400A81D4B /* CalendarFlowAction.swift in Sources */,
				5204F97124F20E3F00653B58 /* EventsPerformAddAction.swift in Sources */,
				52C435EA24F1F523009B9DB1 /* UIViewController.swift in Sources */,
				522CF5C124EAF64E004B3B01 /* RegistrationProcessAction.swift in Sources */,
				52985B8B24EC415600F9F27C /* Optional.swift in Sources */,
				525A54A324EA5F5500CA0274 /* String.swift in Sources */,
				525A54AB24EA881600CA0274 /* LoginViewState.swift in Sources */,
				52C7640D24E8E8A900E02E2D /* Store.swift in Sources */,
				52FCA62224EA462E0091235F /* KeyboardObservableViewCoordinator.swift in Sources */,
				52B9F77424EC081B00AA1DC0 /* CalendarLogoutAction.swift in Sources */,
				526BB15C24EBD39B00694BD3 /* SceneReducer+Middleware.swift in Sources */,
				5213425024ECA35900C10AC2 /* EventsShowAddAction.swift in Sources */,
				52A8291324F2AA6800A81D4B /* RegistrationFlowCoordinator.swift in Sources */,
				52C435E424F191F1009B9DB1 /* EventsTableViewCell.swift in Sources */,
				5204F97324F20E4800653B58 /* EventsPerformEditAction.swift in Sources */,
				52630EB924E98A4E0018AECE /* KeyboardObservableViewController.swift in Sources */,
				52985B9624EC94F700F9F27C /* EventsState.swift in Sources */,
				525C4AC724E633F800659EC6 /* LoginCoordinator.swift in Sources */,
				52A8291C24F2BBA200A81D4B /* CalendarFlowState.swift in Sources */,
				525A54A924EA84FE00CA0274 /* RegistrationAction.swift in Sources */,
				526C3A3F24EAB6CC002A3D9F /* RegistrationReducer.swift in Sources */,
				52F5BFB424E8A2D400EB8CDD /* LoginStore.swift in Sources */,
				52A8292024F2BD5E00A81D4B /* CalendarFlowCoordinator.swift in Sources */,
				52EF202024EB73C6001B20F0 /* LoginReducer+Middleware.swift in Sources */,
				5284C52924E678610032FFB4 /* SceneReducer.swift in Sources */,
				5284C52324E667580032FFB4 /* LoginState.swift in Sources */,
				5204849124F733B3003B915A /* KeyboardToolbar.swift in Sources */,
				52EF202224EB73D6001B20F0 /* LoginReducer+Utilities.swift in Sources */,
				525C4AB224E4BC4500659EC6 /* Scheduler.xcdatamodeld in Sources */,
				524E5D1524E818C7001FC71B /* RegistrationState.swift in Sources */,
				526C3A3B24EAB532002A3D9F /* RegistrationCoordinator.swift in Sources */,
				52A2FB6224E92A52000ECBFF /* UIColor.swift in Sources */,
				5233DDAC24EB8E0100FDBCB2 /* RegistrationSuccessStore.swift in Sources */,
				525A54A724EA845A00CA0274 /* LoginProcessAction.swift in Sources */,
				52985B9A24EC950F00F9F27C /* EventsRefreshViewAction.swift in Sources */,
				522CF5BF24EAEAD5004B3B01 /* RegistrationErrorState.swift in Sources */,
				5233DDB424EB957F00FDBCB2 /* RegistrationSuccessReturnAction.swift in Sources */,
				5233DDAE24EB8E1500FDBCB2 /* RegistrationSuccessReducer.swift in Sources */,
				52B9F76624EC01F000AA1DC0 /* CalendarCoordinator.swift in Sources */,
				52EF202A24EB7CC7001B20F0 /* UserRepository.swift in Sources */,
				526302D424E9445900CDCD1D /* SecondaryButton.swift in Sources */,
				52630EBB24E99D610018AECE /* KeyboardAction.swift in Sources */,
				52985B8724EC3BE100F9F27C /* CalendarIncrementAction.swift in Sources */,
				526302CC24E9441200CDCD1D /* SecondaryLabel.swift in Sources */,
				5284C52124E666D20032FFB4 /* LoginReducer.swift in Sources */,
				5233DDAA24EB8DF200FDBCB2 /* RegistrationSuccessState.swift in Sources */,
				526302D024E9442A00CDCD1D /* TextField.swift in Sources */,
				5213425224ECA36300C10AC2 /* EventsShowEditAction.swift in Sources */,
				525C4AA824E4BC4500659EC6 /* AppDelegate.swift in Sources */,
				52A8291124F2AA5B00A81D4B /* RegistrationFlowAction.swift in Sources */,
				520B55A324E93335007621DE /* View.swift in Sources */,
				52B9F76824EC024900AA1DC0 /* CalendarState.swift in Sources */,
				52BB97FA24F2CA520039955A /* CalendarCollectionViewCell.swift in Sources */,
				52A8290D24F2AA3D00A81D4B /* RegistrationFlowRoute.swift in Sources */,
				52985B8924EC3C0000F9F27C /* CalendarDecrementAction.swift in Sources */,
				52985B9E24EC9D6200F9F27C /* TableViewDataSource.swift in Sources */,
				5233DDA824EB8DE800FDBCB2 /* RegistrationSuccessCoordinator.swift in Sources */,
				5284C52F24E67E790032FFB4 /* SceneAction.swift in Sources */,
				520B179924EA03510061C03C /* KeyboardObservableActionReducer.swift in Sources */,
				52EF202C24EB8024001B20F0 /* Persistence.swift in Sources */,
				52A2FB6624E92E7E000ECBFF /* NavigationController.swift in Sources */,
				525C4ABF24E4EEA600659EC6 /* SceneCoordinator.swift in Sources */,
				5233DDA424EB898F00FDBCB2 /* RegistrationSuccessViewController.swift in Sources */,
				52985B8D24EC41D500F9F27C /* EventRepository.swift in Sources */,
				5233DDB024EB8F8F00FDBCB2 /* RegistrationSuccessViewState.swift in Sources */,
				5204F97924F25C8D00653B58 /* LoginFlowCoordinator.swift in Sources */,
				52BD22B324ECC9320058BFC5 /* User+CoreDataClass.swift in Sources */,
				524E5D1A24E826E2001FC71B /* ActionReducer.swift in Sources */,
				5284C51F24E666C00032FFB4 /* LoginAction.swift in Sources */,
				5213424D24ECA2DD00C10AC2 /* EventsViewState.swift in Sources */,
				521E417924EC2AD9005F0318 /* CollectionViewDataSource.swift in Sources */,
				524E5D1824E821DB001FC71B /* Coordinator.swift in Sources */,
				52225FEC24F18FF900391FB0 /* UITableView.swift in Sources */,
				526BB16324EBDF1A00694BD3 /* CalendarViewController.swift in Sources */,
				52F2184024F172FF00757B6E /* UIView.swift in Sources */,
				52B9F77624EC082A00AA1DC0 /* CalendarSelectAction.swift in Sources */,
				5284C51D24E663160032FFB4 /* ViewCoordinator.swift in Sources */,
				526C3A3D24EAB5CB002A3D9F /* RegistrationStore.swift in Sources */,
				52A8290B24F2AA3200A81D4B /* RegistrationFlowStore.swift in Sources */,
				5204F97524F20E5100653B58 /* EventsPerformDeleteAction.swift in Sources */,
				526302CE24E9441E00CDCD1D /* ErrorLabel.swift in Sources */,
				522CE73F24E93EF200F5EF78 /* ViewController.swift in Sources */,
				52EF201524EB6DB6001B20F0 /* Event+CoreDataProperties.swift in Sources */,
				52B9F76A24EC025B00AA1DC0 /* CalendarRefreshAction.swift in Sources */,
				526302D224E9443300CDCD1D /* PrimaryButton.swift in Sources */,
				5259D21D24F26ED200146156 /* LoginFlowRoute.swift in Sources */,
				52B9F77024EC036B00AA1DC0 /* CalendarStore.swift in Sources */,
				5284C52D24E67DA80032FFB4 /* ViewControllerCoordinatable.swift in Sources */,
				52A8291A24F2BB9000A81D4B /* CalendarFlowRoute.swift in Sources */,
				521E417724EC1BFB005F0318 /* Date.swift in Sources */,
				525A54A524EA73B600CA0274 /* LoginRegisterAction.swift in Sources */,
				52A2FB6024E927F8000ECBFF /* Color.swift in Sources */,
				5284C52524E671FF0032FFB4 /* SceneStore.swift in Sources */,
				52985B9C24EC962600F9F27C /* EventsStore.swift in Sources */,
				526BB16124EBDEA500694BD3 /* SceneReducer+Utilities.swift in Sources */,
				52EF201A24EB6F01001B20F0 /* Session+CoreDataClass.swift in Sources */,
				52A8292224F2BD6500A81D4B /* CalendarFlowReducer.swift in Sources */,
				52C7640B24E8D89C00E02E2D /* Storyboardable.swift in Sources */,
				5259D21924F25DBE00146156 /* LoginFlowStore.swift in Sources */,
				52B9F77224EC046000AA1DC0 /* CalendarReducer.swift in Sources */,
				EE08440324ECDB5E00CEA705 /* CollectionViewColumnFlowLayout.swift in Sources */,
				52985B9824EC950200F9F27C /* EventsReducer.swift in Sources */,
				52A8291824F2BB8200A81D4B /* CalendarFlowStore.swift in Sources */,
				52EF201B24EB6F01001B20F0 /* Session+CoreDataProperties.swift in Sources */,
				52985B9024EC94D100F9F27C /* EventsViewController.swift in Sources */,
				5259D21F24F2726D00146156 /* LoginFlowReducer.swift in Sources */,
				52630EBD24E9A0540018AECE /* KeyboardSpec.swift in Sources */,
				52B9F76C24EC029300AA1DC0 /* CalendarViewState.swift in Sources */,
				526302CA24E9440400CDCD1D /* PrimaryLabel.swift in Sources */,
				5284C52724E673CE0032FFB4 /* SceneState.swift in Sources */,
				52A8290F24F2AA5000A81D4B /* RegistrationFlowState.swift in Sources */,
				5259D21B24F25DE500146156 /* LoginFlowState.swift in Sources */,
				526C3A3724EAB28E002A3D9F /* RegistrationViewController.swift in Sources */,
				52985B9424EC94EB00F9F27C /* EventsCoordinator.swift in Sources */,
				526302DA24E9465A00CDCD1D /* Font.swift in Sources */,
				52ACACC824E7905700147137 /* SceneWindow.swift in Sources */,
				52EF202624EB7B7F001B20F0 /* RegistrationReducer+Middleware.swift in Sources */,
				52CE302B24F2A780000C2603 /* LoginFlowAction.swift in Sources */,
				52EF202824EB7B8A001B20F0 /* RegistrationReducer+Utilities.swift in Sources */,
				525C4AAA24E4BC4500659EC6 /* SceneDelegate.swift in Sources */,
				526C3A4124EAE173002A3D9F /* RegistrationViewState.swift in Sources */,
				52EF201424EB6DB6001B20F0 /* Event+CoreDataClass.swift in Sources */,
				52BD22B424ECC9320058BFC5 /* User+CoreDataProperties.swift in Sources */,
				52F7FBB624E7BC09008F7FDB /* SceneResponder.swift in Sources */,
				5204F97724F219A000653B58 /* FlowCoordinator.swift in Sources */,
				520B179724E9FF800061C03C /* KeyboardObservableStateType.swift in Sources */,
				52225FEE24F1901700391FB0 /* UICollectionView.swift in Sources */,
				526BB15E24EBD81300694BD3 /* SessionRepository.swift in Sources */,
			);
			runOnlyForDeploymentPostprocessing = 0;
		};
/* End PBXSourcesBuildPhase section */

/* Begin PBXVariantGroup section */
		525C4AAD24E4BC4500659EC6 /* LoginViewController.storyboard */ = {
			isa = PBXVariantGroup;
			children = (
				525C4AAE24E4BC4500659EC6 /* Base */,
			);
			name = LoginViewController.storyboard;
			sourceTree = "<group>";
		};
		525C4AB524E4BC4800659EC6 /* LaunchScreen.storyboard */ = {
			isa = PBXVariantGroup;
			children = (
				525C4AB624E4BC4800659EC6 /* Base */,
			);
			name = LaunchScreen.storyboard;
			sourceTree = "<group>";
		};
/* End PBXVariantGroup section */

/* Begin XCBuildConfiguration section */
		525C4AB924E4BC4800659EC6 /* Debug */ = {
			isa = XCBuildConfiguration;
			buildSettings = {
				ALWAYS_SEARCH_USER_PATHS = NO;
				CLANG_ANALYZER_NONNULL = YES;
				CLANG_ANALYZER_NUMBER_OBJECT_CONVERSION = YES_AGGRESSIVE;
				CLANG_CXX_LANGUAGE_STANDARD = "gnu++14";
				CLANG_CXX_LIBRARY = "libc++";
				CLANG_ENABLE_MODULES = YES;
				CLANG_ENABLE_OBJC_ARC = YES;
				CLANG_ENABLE_OBJC_WEAK = YES;
				CLANG_WARN_BLOCK_CAPTURE_AUTORELEASING = YES;
				CLANG_WARN_BOOL_CONVERSION = YES;
				CLANG_WARN_COMMA = YES;
				CLANG_WARN_CONSTANT_CONVERSION = YES;
				CLANG_WARN_DEPRECATED_OBJC_IMPLEMENTATIONS = YES;
				CLANG_WARN_DIRECT_OBJC_ISA_USAGE = YES_ERROR;
				CLANG_WARN_DOCUMENTATION_COMMENTS = YES;
				CLANG_WARN_EMPTY_BODY = YES;
				CLANG_WARN_ENUM_CONVERSION = YES;
				CLANG_WARN_INFINITE_RECURSION = YES;
				CLANG_WARN_INT_CONVERSION = YES;
				CLANG_WARN_NON_LITERAL_NULL_CONVERSION = YES;
				CLANG_WARN_OBJC_IMPLICIT_RETAIN_SELF = YES;
				CLANG_WARN_OBJC_LITERAL_CONVERSION = YES;
				CLANG_WARN_OBJC_ROOT_CLASS = YES_ERROR;
				CLANG_WARN_RANGE_LOOP_ANALYSIS = YES;
				CLANG_WARN_STRICT_PROTOTYPES = YES;
				CLANG_WARN_SUSPICIOUS_MOVE = YES;
				CLANG_WARN_UNGUARDED_AVAILABILITY = YES_AGGRESSIVE;
				CLANG_WARN_UNREACHABLE_CODE = YES;
				CLANG_WARN__DUPLICATE_METHOD_MATCH = YES;
				COPY_PHASE_STRIP = NO;
				DEBUG_INFORMATION_FORMAT = dwarf;
				ENABLE_STRICT_OBJC_MSGSEND = YES;
				ENABLE_TESTABILITY = YES;
				GCC_C_LANGUAGE_STANDARD = gnu11;
				GCC_DYNAMIC_NO_PIC = NO;
				GCC_NO_COMMON_BLOCKS = YES;
				GCC_OPTIMIZATION_LEVEL = 0;
				GCC_PREPROCESSOR_DEFINITIONS = (
					"DEBUG=1",
					"$(inherited)",
				);
				GCC_WARN_64_TO_32_BIT_CONVERSION = YES;
				GCC_WARN_ABOUT_RETURN_TYPE = YES_ERROR;
				GCC_WARN_UNDECLARED_SELECTOR = YES;
				GCC_WARN_UNINITIALIZED_AUTOS = YES_AGGRESSIVE;
				GCC_WARN_UNUSED_FUNCTION = YES;
				GCC_WARN_UNUSED_VARIABLE = YES;
				IPHONEOS_DEPLOYMENT_TARGET = 10.0;
				MTL_ENABLE_DEBUG_INFO = INCLUDE_SOURCE;
				MTL_FAST_MATH = YES;
				ONLY_ACTIVE_ARCH = YES;
				SDKROOT = iphoneos;
				SWIFT_ACTIVE_COMPILATION_CONDITIONS = DEBUG;
				SWIFT_OPTIMIZATION_LEVEL = "-Onone";
			};
			name = Debug;
		};
		525C4ABA24E4BC4800659EC6 /* Release */ = {
			isa = XCBuildConfiguration;
			buildSettings = {
				ALWAYS_SEARCH_USER_PATHS = NO;
				CLANG_ANALYZER_NONNULL = YES;
				CLANG_ANALYZER_NUMBER_OBJECT_CONVERSION = YES_AGGRESSIVE;
				CLANG_CXX_LANGUAGE_STANDARD = "gnu++14";
				CLANG_CXX_LIBRARY = "libc++";
				CLANG_ENABLE_MODULES = YES;
				CLANG_ENABLE_OBJC_ARC = YES;
				CLANG_ENABLE_OBJC_WEAK = YES;
				CLANG_WARN_BLOCK_CAPTURE_AUTORELEASING = YES;
				CLANG_WARN_BOOL_CONVERSION = YES;
				CLANG_WARN_COMMA = YES;
				CLANG_WARN_CONSTANT_CONVERSION = YES;
				CLANG_WARN_DEPRECATED_OBJC_IMPLEMENTATIONS = YES;
				CLANG_WARN_DIRECT_OBJC_ISA_USAGE = YES_ERROR;
				CLANG_WARN_DOCUMENTATION_COMMENTS = YES;
				CLANG_WARN_EMPTY_BODY = YES;
				CLANG_WARN_ENUM_CONVERSION = YES;
				CLANG_WARN_INFINITE_RECURSION = YES;
				CLANG_WARN_INT_CONVERSION = YES;
				CLANG_WARN_NON_LITERAL_NULL_CONVERSION = YES;
				CLANG_WARN_OBJC_IMPLICIT_RETAIN_SELF = YES;
				CLANG_WARN_OBJC_LITERAL_CONVERSION = YES;
				CLANG_WARN_OBJC_ROOT_CLASS = YES_ERROR;
				CLANG_WARN_RANGE_LOOP_ANALYSIS = YES;
				CLANG_WARN_STRICT_PROTOTYPES = YES;
				CLANG_WARN_SUSPICIOUS_MOVE = YES;
				CLANG_WARN_UNGUARDED_AVAILABILITY = YES_AGGRESSIVE;
				CLANG_WARN_UNREACHABLE_CODE = YES;
				CLANG_WARN__DUPLICATE_METHOD_MATCH = YES;
				COPY_PHASE_STRIP = NO;
				DEBUG_INFORMATION_FORMAT = "dwarf-with-dsym";
				ENABLE_NS_ASSERTIONS = NO;
				ENABLE_STRICT_OBJC_MSGSEND = YES;
				GCC_C_LANGUAGE_STANDARD = gnu11;
				GCC_NO_COMMON_BLOCKS = YES;
				GCC_WARN_64_TO_32_BIT_CONVERSION = YES;
				GCC_WARN_ABOUT_RETURN_TYPE = YES_ERROR;
				GCC_WARN_UNDECLARED_SELECTOR = YES;
				GCC_WARN_UNINITIALIZED_AUTOS = YES_AGGRESSIVE;
				GCC_WARN_UNUSED_FUNCTION = YES;
				GCC_WARN_UNUSED_VARIABLE = YES;
				IPHONEOS_DEPLOYMENT_TARGET = 10.0;
				MTL_ENABLE_DEBUG_INFO = NO;
				MTL_FAST_MATH = YES;
				SDKROOT = iphoneos;
				SWIFT_COMPILATION_MODE = wholemodule;
				SWIFT_OPTIMIZATION_LEVEL = "-O";
				VALIDATE_PRODUCT = YES;
			};
			name = Release;
		};
		525C4ABC24E4BC4800659EC6 /* Debug */ = {
			isa = XCBuildConfiguration;
			baseConfigurationReference = 6EE5C9A298FFDF2AA059A61C /* Pods-Scheduler.debug.xcconfig */;
			buildSettings = {
				ASSETCATALOG_COMPILER_APPICON_NAME = AppIcon;
				CODE_SIGN_STYLE = Manual;
				DEVELOPMENT_TEAM = "";
				INFOPLIST_FILE = Scheduler/Resources/Info.plist;
				IPHONEOS_DEPLOYMENT_TARGET = 10.0;
				LD_RUNPATH_SEARCH_PATHS = (
					"$(inherited)",
					"@executable_path/Frameworks",
				);
				PRODUCT_BUNDLE_IDENTIFIER = dev.mynt.Scheduler;
				PRODUCT_NAME = "$(TARGET_NAME)";
				PROVISIONING_PROFILE_SPECIFIER = "";
				SWIFT_VERSION = 5.0;
				TARGETED_DEVICE_FAMILY = "1,2";
			};
			name = Debug;
		};
		525C4ABD24E4BC4800659EC6 /* Release */ = {
			isa = XCBuildConfiguration;
			baseConfigurationReference = 89613AE0124B96B465532C28 /* Pods-Scheduler.release.xcconfig */;
			buildSettings = {
				ASSETCATALOG_COMPILER_APPICON_NAME = AppIcon;
				CODE_SIGN_STYLE = Manual;
				DEVELOPMENT_TEAM = "";
				INFOPLIST_FILE = Scheduler/Resources/Info.plist;
				IPHONEOS_DEPLOYMENT_TARGET = 10.0;
				LD_RUNPATH_SEARCH_PATHS = (
					"$(inherited)",
					"@executable_path/Frameworks",
				);
				PRODUCT_BUNDLE_IDENTIFIER = dev.mynt.Scheduler;
				PRODUCT_NAME = "$(TARGET_NAME)";
				PROVISIONING_PROFILE_SPECIFIER = "";
				SWIFT_VERSION = 5.0;
				TARGETED_DEVICE_FAMILY = "1,2";
			};
			name = Release;
		};
/* End XCBuildConfiguration section */

/* Begin XCConfigurationList section */
		525C4A9F24E4BC4500659EC6 /* Build configuration list for PBXProject "Scheduler" */ = {
			isa = XCConfigurationList;
			buildConfigurations = (
				525C4AB924E4BC4800659EC6 /* Debug */,
				525C4ABA24E4BC4800659EC6 /* Release */,
			);
			defaultConfigurationIsVisible = 0;
			defaultConfigurationName = Release;
		};
		525C4ABB24E4BC4800659EC6 /* Build configuration list for PBXNativeTarget "Scheduler" */ = {
			isa = XCConfigurationList;
			buildConfigurations = (
				525C4ABC24E4BC4800659EC6 /* Debug */,
				525C4ABD24E4BC4800659EC6 /* Release */,
			);
			defaultConfigurationIsVisible = 0;
			defaultConfigurationName = Release;
		};
/* End XCConfigurationList section */

/* Begin XCVersionGroup section */
		525C4AB024E4BC4500659EC6 /* Scheduler.xcdatamodeld */ = {
			isa = XCVersionGroup;
			children = (
				525C4AB124E4BC4500659EC6 /* Scheduler.xcdatamodel */,
			);
			currentVersion = 525C4AB124E4BC4500659EC6 /* Scheduler.xcdatamodel */;
			path = Scheduler.xcdatamodeld;
			sourceTree = "<group>";
			versionGroupType = wrapper.xcdatamodel;
		};
/* End XCVersionGroup section */
	};
	rootObject = 525C4A9C24E4BC4500659EC6 /* Project object */;
}
